{
  "version": 4,
  "terraform_version": "0.13.5",
  "serial": 31,
  "lineage": "1aff8995-6292-e0eb-ac8b-a69d279b19cc",
  "outputs": {
    "Jenkins-Main-Node-Public-IP": {
      "value": "3.235.59.208",
      "type": "string"
    },
    "Jenkins-Secondary-Node-Public-IP": {
      "value": {
        "i-052fb3f8046123ffc": "34.219.145.254",
        "i-0ca7a8cefdeaca319": "54.245.203.212",
        "i-0d5475a0540b36d4c": "35.164.64.169"
      },
      "type": [
        "object",
        {
          "i-052fb3f8046123ffc": "string",
          "i-0ca7a8cefdeaca319": "string",
          "i-0d5475a0540b36d4c": "string"
        }
      ]
    },
    "LB_DNS_NAME": {
      "value": "jenkins-lb-2092232897.us-east-1.elb.amazonaws.com",
      "type": "string"
    },
    "url": {
      "value": "jenkins.cmcloudlab1024.info",
      "type": "string"
    }
  },
  "resources": [
    {
      "mode": "data",
      "type": "aws_availability_zones",
      "name": "azs",
      "provider": "provider[\"registry.terraform.io/hashicorp/aws\"].region-primary",
      "instances": [
        {
          "schema_version": 0,
          "attributes": {
            "all_availability_zones": null,
            "exclude_names": null,
            "exclude_zone_ids": null,
            "filter": null,
            "group_names": [
              "us-east-1"
            ],
            "id": "us-east-1",
            "names": [
              "us-east-1a",
              "us-east-1b",
              "us-east-1c",
              "us-east-1d",
              "us-east-1e",
              "us-east-1f"
            ],
            "state": "available",
            "zone_ids": [
              "use1-az1",
              "use1-az2",
              "use1-az4",
              "use1-az6",
              "use1-az3",
              "use1-az5"
            ]
          }
        }
      ]
    },
    {
      "mode": "data",
      "type": "aws_route53_zone",
      "name": "dns",
      "provider": "provider[\"registry.terraform.io/hashicorp/aws\"].region-primary",
      "instances": [
        {
          "schema_version": 0,
          "attributes": {
            "caller_reference": "cmcloudlab1024.info2020-05-06 18:37:53.812869",
            "comment": "",
            "id": "Z07214902FYNBUZM1PQ5B",
            "linked_service_description": null,
            "linked_service_principal": null,
            "name": "cmcloudlab1024.info",
            "name_servers": [
              "ns-2022.awsdns-60.co.uk",
              "ns-1465.awsdns-55.org",
              "ns-839.awsdns-40.net",
              "ns-271.awsdns-33.com"
            ],
            "private_zone": false,
            "resource_record_set_count": 2,
            "tags": {},
            "vpc_id": null,
            "zone_id": "Z07214902FYNBUZM1PQ5B"
          }
        }
      ]
    },
    {
      "mode": "data",
      "type": "aws_ssm_parameter",
      "name": "linuxAMI_primary",
      "provider": "provider[\"registry.terraform.io/hashicorp/aws\"].region-primary",
      "instances": [
        {
          "schema_version": 0,
          "attributes": {
            "arn": "arn:aws:ssm:us-east-1:412675759620:parameter/aws/service/ami-amazon-linux-latest/amzn2-ami-hvm-x86_64-gp2",
            "id": "/aws/service/ami-amazon-linux-latest/amzn2-ami-hvm-x86_64-gp2",
            "name": "/aws/service/ami-amazon-linux-latest/amzn2-ami-hvm-x86_64-gp2",
            "type": "String",
            "value": "ami-0947d2ba12ee1ff75",
            "version": 33,
            "with_decryption": true
          }
        }
      ]
    },
    {
      "mode": "data",
      "type": "aws_ssm_parameter",
      "name": "linuxAMI_secondary",
      "provider": "provider[\"registry.terraform.io/hashicorp/aws\"].region-secondary",
      "instances": [
        {
          "schema_version": 0,
          "attributes": {
            "arn": "arn:aws:ssm:us-west-2:412675759620:parameter/aws/service/ami-amazon-linux-latest/amzn2-ami-hvm-x86_64-gp2",
            "id": "/aws/service/ami-amazon-linux-latest/amzn2-ami-hvm-x86_64-gp2",
            "name": "/aws/service/ami-amazon-linux-latest/amzn2-ami-hvm-x86_64-gp2",
            "type": "String",
            "value": "ami-0528a5175983e7f28",
            "version": 34,
            "with_decryption": true
          }
        }
      ]
    },
    {
      "mode": "managed",
      "type": "aws_acm_certificate",
      "name": "jenkins-lb-https",
      "provider": "provider[\"registry.terraform.io/hashicorp/aws\"].region-primary",
      "instances": [
        {
          "schema_version": 0,
          "attributes": {
            "arn": "arn:aws:acm:us-east-1:412675759620:certificate/ef301f3e-2d5f-4837-8a0f-c2b74c63f5b9",
            "certificate_authority_arn": "",
            "certificate_body": null,
            "certificate_chain": null,
            "domain_name": "jenkins.cmcloudlab1024.info",
            "domain_validation_options": [
              {
                "domain_name": "jenkins.cmcloudlab1024.info",
                "resource_record_name": "_76e96fc9b12954e860978be28e4333d1.jenkins.cmcloudlab1024.info.",
                "resource_record_type": "CNAME",
                "resource_record_value": "_daf8174daa5684bb2262e68c2e24a32b.wggjkglgrm.acm-validations.aws."
              }
            ],
            "id": "arn:aws:acm:us-east-1:412675759620:certificate/ef301f3e-2d5f-4837-8a0f-c2b74c63f5b9",
            "options": [
              {
                "certificate_transparency_logging_preference": "ENABLED"
              }
            ],
            "private_key": null,
            "status": "PENDING_VALIDATION",
            "subject_alternative_names": [],
            "tags": {
              "Name": "Jenkins-ACM"
            },
            "validation_emails": [],
            "validation_method": "DNS"
          },
          "private": "bnVsbA==",
          "dependencies": [
            "data.aws_route53_zone.dns"
          ]
        }
      ]
    },
    {
      "mode": "managed",
      "type": "aws_acm_certificate_validation",
      "name": "cert",
      "provider": "provider[\"registry.terraform.io/hashicorp/aws\"].region-primary",
      "instances": [
        {
          "index_key": "jenkins.cmcloudlab1024.info",
          "schema_version": 0,
          "attributes": {
            "certificate_arn": "arn:aws:acm:us-east-1:412675759620:certificate/ef301f3e-2d5f-4837-8a0f-c2b74c63f5b9",
            "id": "2020-11-16 05:46:06 +0000 UTC",
            "timeouts": null,
            "validation_record_fqdns": [
              "_76e96fc9b12954e860978be28e4333d1.jenkins.cmcloudlab1024.info"
            ]
          },
          "private": "eyJlMmJmYjczMC1lY2FhLTExZTYtOGY4OC0zNDM2M2JjN2M0YzAiOnsiY3JlYXRlIjoyNzAwMDAwMDAwMDAwfX0=",
          "dependencies": [
            "aws_acm_certificate.jenkins-lb-https",
            "aws_route53_record.cert_validation",
            "data.aws_route53_zone.dns"
          ]
        }
      ]
    },
    {
      "mode": "managed",
      "type": "aws_instance",
      "name": "jenkins-primary",
      "provider": "provider[\"registry.terraform.io/hashicorp/aws\"].region-primary",
      "instances": [
        {
          "schema_version": 1,
          "attributes": {
            "ami": "ami-0947d2ba12ee1ff75",
            "arn": "arn:aws:ec2:us-east-1:412675759620:instance/i-0083ea64939f9dafc",
            "associate_public_ip_address": true,
            "availability_zone": "us-east-1a",
            "cpu_core_count": 1,
            "cpu_threads_per_core": 2,
            "credit_specification": [
              {
                "cpu_credits": "unlimited"
              }
            ],
            "disable_api_termination": false,
            "ebs_block_device": [],
            "ebs_optimized": false,
            "ephemeral_block_device": [],
            "get_password_data": false,
            "hibernation": false,
            "host_id": null,
            "iam_instance_profile": "",
            "id": "i-0083ea64939f9dafc",
            "instance_initiated_shutdown_behavior": null,
            "instance_state": "running",
            "instance_type": "t3.micro",
            "ipv6_address_count": 0,
            "ipv6_addresses": [],
            "key_name": "jenkins",
            "metadata_options": [
              {
                "http_endpoint": "enabled",
                "http_put_response_hop_limit": 1,
                "http_tokens": "optional"
              }
            ],
            "monitoring": false,
            "network_interface": [],
            "outpost_arn": "",
            "password_data": "",
            "placement_group": "",
            "primary_network_interface_id": "eni-081941b0ed0124c41",
            "private_dns": "ip-10-10-1-130.ec2.internal",
            "private_ip": "10.10.1.130",
            "public_dns": "ec2-3-235-59-208.compute-1.amazonaws.com",
            "public_ip": "3.235.59.208",
            "root_block_device": [
              {
                "delete_on_termination": true,
                "device_name": "/dev/xvda",
                "encrypted": false,
                "iops": 100,
                "kms_key_id": "",
                "volume_id": "vol-0ca7ee0fa5c10c172",
                "volume_size": 8,
                "volume_type": "gp2"
              }
            ],
            "secondary_private_ips": [],
            "security_groups": [],
            "source_dest_check": true,
            "subnet_id": "subnet-09980bec1319e3b4d",
            "tags": {
              "Name": "jenkins_primary_tf"
            },
            "tenancy": "default",
            "timeouts": null,
            "user_data": null,
            "user_data_base64": null,
            "volume_tags": {},
            "vpc_security_group_ids": [
              "sg-09feae6ef956dc9cd"
            ]
          },
          "private": "eyJlMmJmYjczMC1lY2FhLTExZTYtOGY4OC0zNDM2M2JjN2M0YzAiOnsiY3JlYXRlIjo2MDAwMDAwMDAwMDAsImRlbGV0ZSI6MTIwMDAwMDAwMDAwMCwidXBkYXRlIjo2MDAwMDAwMDAwMDB9LCJzY2hlbWFfdmVyc2lvbiI6IjEifQ==",
          "dependencies": [
            "aws_internet_gateway.igw_primary",
            "aws_key_pair.primary_key",
            "aws_main_route_table_association.set-primary-default-rt-assoc",
            "aws_route_table.internet_route_primary",
            "aws_security_group.jenkins_sg_primary",
            "aws_security_group.lb_sg",
            "aws_subnet.primary_subnet_1",
            "aws_vpc.vpc_primary",
            "aws_vpc.vpc_secondary",
            "aws_vpc_peering_connection.primary_to_secondary",
            "data.aws_availability_zones.azs",
            "data.aws_ssm_parameter.linuxAMI_primary"
          ]
        }
      ]
    },
    {
      "mode": "managed",
      "type": "aws_instance",
      "name": "jenkins_secondary",
      "provider": "provider[\"registry.terraform.io/hashicorp/aws\"].region-secondary",
      "instances": [
        {
          "index_key": 0,
          "schema_version": 1,
          "attributes": {
            "ami": "ami-0528a5175983e7f28",
            "arn": "arn:aws:ec2:us-west-2:412675759620:instance/i-0d5475a0540b36d4c",
            "associate_public_ip_address": true,
            "availability_zone": "us-west-2b",
            "cpu_core_count": 1,
            "cpu_threads_per_core": 2,
            "credit_specification": [
              {
                "cpu_credits": "unlimited"
              }
            ],
            "disable_api_termination": false,
            "ebs_block_device": [],
            "ebs_optimized": false,
            "ephemeral_block_device": [],
            "get_password_data": false,
            "hibernation": false,
            "host_id": null,
            "iam_instance_profile": "",
            "id": "i-0d5475a0540b36d4c",
            "instance_initiated_shutdown_behavior": null,
            "instance_state": "running",
            "instance_type": "t3.micro",
            "ipv6_address_count": 0,
            "ipv6_addresses": [],
            "key_name": "jenkins",
            "metadata_options": [
              {
                "http_endpoint": "enabled",
                "http_put_response_hop_limit": 1,
                "http_tokens": "optional"
              }
            ],
            "monitoring": false,
            "network_interface": [],
            "outpost_arn": "",
            "password_data": "",
            "placement_group": "",
            "primary_network_interface_id": "eni-07f1bc8ca4a3868e6",
            "private_dns": "ip-192-10-1-62.us-west-2.compute.internal",
            "private_ip": "192.10.1.62",
            "public_dns": "ec2-35-164-64-169.us-west-2.compute.amazonaws.com",
            "public_ip": "35.164.64.169",
            "root_block_device": [
              {
                "delete_on_termination": true,
                "device_name": "/dev/xvda",
                "encrypted": false,
                "iops": 100,
                "kms_key_id": "",
                "volume_id": "vol-02b24bc7a79ca0e07",
                "volume_size": 8,
                "volume_type": "gp2"
              }
            ],
            "secondary_private_ips": [],
            "security_groups": [],
            "source_dest_check": true,
            "subnet_id": "subnet-0bc558d558258c151",
            "tags": {
              "Name": "jenkins_secondary_tf_1"
            },
            "tenancy": "default",
            "timeouts": null,
            "user_data": null,
            "user_data_base64": null,
            "volume_tags": {},
            "vpc_security_group_ids": [
              "sg-0b3dc5f0a4ef571a8"
            ]
          },
          "private": "eyJlMmJmYjczMC1lY2FhLTExZTYtOGY4OC0zNDM2M2JjN2M0YzAiOnsiY3JlYXRlIjo2MDAwMDAwMDAwMDAsImRlbGV0ZSI6MTIwMDAwMDAwMDAwMCwidXBkYXRlIjo2MDAwMDAwMDAwMDB9LCJzY2hlbWFfdmVyc2lvbiI6IjEifQ==",
          "dependencies": [
            "aws_instance.jenkins-primary",
            "aws_internet_gateway.igw_primary",
            "aws_internet_gateway.igw_secondary",
            "aws_key_pair.primary_key",
            "aws_key_pair.secondary_key",
            "aws_main_route_table_association.set-primary-default-rt-assoc",
            "aws_main_route_table_association.set-secondary-default-rt-assoc",
            "aws_route_table.internet_route_primary",
            "aws_route_table.internet_route_secondary",
            "aws_security_group.jenkins_sg_primary",
            "aws_security_group.jenkins_sg_secondary",
            "aws_security_group.lb_sg",
            "aws_subnet.primary_subnet_1",
            "aws_subnet.secondary_subnet_1",
            "aws_vpc.vpc_primary",
            "aws_vpc.vpc_secondary",
            "aws_vpc_peering_connection.primary_to_secondary",
            "data.aws_availability_zones.azs",
            "data.aws_ssm_parameter.linuxAMI_primary",
            "data.aws_ssm_parameter.linuxAMI_secondary"
          ]
        },
        {
          "index_key": 1,
          "schema_version": 1,
          "attributes": {
            "ami": "ami-0528a5175983e7f28",
            "arn": "arn:aws:ec2:us-west-2:412675759620:instance/i-0ca7a8cefdeaca319",
            "associate_public_ip_address": true,
            "availability_zone": "us-west-2b",
            "cpu_core_count": 1,
            "cpu_threads_per_core": 2,
            "credit_specification": [
              {
                "cpu_credits": "unlimited"
              }
            ],
            "disable_api_termination": false,
            "ebs_block_device": [],
            "ebs_optimized": false,
            "ephemeral_block_device": [],
            "get_password_data": false,
            "hibernation": false,
            "host_id": null,
            "iam_instance_profile": "",
            "id": "i-0ca7a8cefdeaca319",
            "instance_initiated_shutdown_behavior": null,
            "instance_state": "running",
            "instance_type": "t3.micro",
            "ipv6_address_count": 0,
            "ipv6_addresses": [],
            "key_name": "jenkins",
            "metadata_options": [
              {
                "http_endpoint": "enabled",
                "http_put_response_hop_limit": 1,
                "http_tokens": "optional"
              }
            ],
            "monitoring": false,
            "network_interface": [],
            "outpost_arn": "",
            "password_data": "",
            "placement_group": "",
            "primary_network_interface_id": "eni-096f8f2ab1b31f471",
            "private_dns": "ip-192-10-1-96.us-west-2.compute.internal",
            "private_ip": "192.10.1.96",
            "public_dns": "ec2-54-245-203-212.us-west-2.compute.amazonaws.com",
            "public_ip": "54.245.203.212",
            "root_block_device": [
              {
                "delete_on_termination": true,
                "device_name": "/dev/xvda",
                "encrypted": false,
                "iops": 100,
                "kms_key_id": "",
                "volume_id": "vol-09369c144e9b9f46f",
                "volume_size": 8,
                "volume_type": "gp2"
              }
            ],
            "secondary_private_ips": [],
            "security_groups": [],
            "source_dest_check": true,
            "subnet_id": "subnet-0bc558d558258c151",
            "tags": {
              "Name": "jenkins_secondary_tf_2"
            },
            "tenancy": "default",
            "timeouts": null,
            "user_data": null,
            "user_data_base64": null,
            "volume_tags": {},
            "vpc_security_group_ids": [
              "sg-0b3dc5f0a4ef571a8"
            ]
          },
          "private": "eyJlMmJmYjczMC1lY2FhLTExZTYtOGY4OC0zNDM2M2JjN2M0YzAiOnsiY3JlYXRlIjo2MDAwMDAwMDAwMDAsImRlbGV0ZSI6MTIwMDAwMDAwMDAwMCwidXBkYXRlIjo2MDAwMDAwMDAwMDB9LCJzY2hlbWFfdmVyc2lvbiI6IjEifQ==",
          "dependencies": [
            "aws_instance.jenkins-primary",
            "aws_internet_gateway.igw_primary",
            "aws_internet_gateway.igw_secondary",
            "aws_key_pair.primary_key",
            "aws_key_pair.secondary_key",
            "aws_main_route_table_association.set-primary-default-rt-assoc",
            "aws_main_route_table_association.set-secondary-default-rt-assoc",
            "aws_route_table.internet_route_primary",
            "aws_route_table.internet_route_secondary",
            "aws_security_group.jenkins_sg_primary",
            "aws_security_group.jenkins_sg_secondary",
            "aws_security_group.lb_sg",
            "aws_subnet.primary_subnet_1",
            "aws_subnet.secondary_subnet_1",
            "aws_vpc.vpc_primary",
            "aws_vpc.vpc_secondary",
            "aws_vpc_peering_connection.primary_to_secondary",
            "data.aws_availability_zones.azs",
            "data.aws_ssm_parameter.linuxAMI_primary",
            "data.aws_ssm_parameter.linuxAMI_secondary"
          ]
        },
        {
          "index_key": 2,
          "schema_version": 1,
          "attributes": {
            "ami": "ami-0528a5175983e7f28",
            "arn": "arn:aws:ec2:us-west-2:412675759620:instance/i-052fb3f8046123ffc",
            "associate_public_ip_address": true,
            "availability_zone": "us-west-2b",
            "cpu_core_count": 1,
            "cpu_threads_per_core": 2,
            "credit_specification": [
              {
                "cpu_credits": "unlimited"
              }
            ],
            "disable_api_termination": false,
            "ebs_block_device": [],
            "ebs_optimized": false,
            "ephemeral_block_device": [],
            "get_password_data": false,
            "hibernation": false,
            "host_id": null,
            "iam_instance_profile": "",
            "id": "i-052fb3f8046123ffc",
            "instance_initiated_shutdown_behavior": null,
            "instance_state": "running",
            "instance_type": "t3.micro",
            "ipv6_address_count": 0,
            "ipv6_addresses": [],
            "key_name": "jenkins",
            "metadata_options": [
              {
                "http_endpoint": "enabled",
                "http_put_response_hop_limit": 1,
                "http_tokens": "optional"
              }
            ],
            "monitoring": false,
            "network_interface": [],
            "outpost_arn": "",
            "password_data": "",
            "placement_group": "",
            "primary_network_interface_id": "eni-0de552770c4f7de72",
            "private_dns": "ip-192-10-1-184.us-west-2.compute.internal",
            "private_ip": "192.10.1.184",
            "public_dns": "ec2-34-219-145-254.us-west-2.compute.amazonaws.com",
            "public_ip": "34.219.145.254",
            "root_block_device": [
              {
                "delete_on_termination": true,
                "device_name": "/dev/xvda",
                "encrypted": false,
                "iops": 100,
                "kms_key_id": "",
                "volume_id": "vol-0c3621f88fc2398e2",
                "volume_size": 8,
                "volume_type": "gp2"
              }
            ],
            "secondary_private_ips": [],
            "security_groups": [],
            "source_dest_check": true,
            "subnet_id": "subnet-0bc558d558258c151",
            "tags": {
              "Name": "jenkins_secondary_tf_3"
            },
            "tenancy": "default",
            "timeouts": null,
            "user_data": null,
            "user_data_base64": null,
            "volume_tags": {},
            "vpc_security_group_ids": [
              "sg-0b3dc5f0a4ef571a8"
            ]
          },
          "private": "eyJlMmJmYjczMC1lY2FhLTExZTYtOGY4OC0zNDM2M2JjN2M0YzAiOnsiY3JlYXRlIjo2MDAwMDAwMDAwMDAsImRlbGV0ZSI6MTIwMDAwMDAwMDAwMCwidXBkYXRlIjo2MDAwMDAwMDAwMDB9LCJzY2hlbWFfdmVyc2lvbiI6IjEifQ==",
          "dependencies": [
            "aws_instance.jenkins-primary",
            "aws_internet_gateway.igw_primary",
            "aws_internet_gateway.igw_secondary",
            "aws_key_pair.primary_key",
            "aws_key_pair.secondary_key",
            "aws_main_route_table_association.set-primary-default-rt-assoc",
            "aws_main_route_table_association.set-secondary-default-rt-assoc",
            "aws_route_table.internet_route_primary",
            "aws_route_table.internet_route_secondary",
            "aws_security_group.jenkins_sg_primary",
            "aws_security_group.jenkins_sg_secondary",
            "aws_security_group.lb_sg",
            "aws_subnet.primary_subnet_1",
            "aws_subnet.secondary_subnet_1",
            "aws_vpc.vpc_primary",
            "aws_vpc.vpc_secondary",
            "aws_vpc_peering_connection.primary_to_secondary",
            "data.aws_availability_zones.azs",
            "data.aws_ssm_parameter.linuxAMI_primary",
            "data.aws_ssm_parameter.linuxAMI_secondary"
          ]
        }
      ]
    },
    {
      "mode": "managed",
      "type": "aws_internet_gateway",
      "name": "igw_primary",
      "provider": "provider[\"registry.terraform.io/hashicorp/aws\"].region-primary",
      "instances": [
        {
          "schema_version": 0,
          "attributes": {
            "arn": "arn:aws:ec2:us-east-1:412675759620:internet-gateway/igw-02e746911e86f30ba",
            "id": "igw-02e746911e86f30ba",
            "owner_id": "412675759620",
            "tags": null,
            "vpc_id": "vpc-0afa464e735955a14"
          },
          "private": "bnVsbA==",
          "dependencies": [
            "aws_vpc.vpc_primary"
          ]
        }
      ]
    },
    {
      "mode": "managed",
      "type": "aws_internet_gateway",
      "name": "igw_secondary",
      "provider": "provider[\"registry.terraform.io/hashicorp/aws\"].region-secondary",
      "instances": [
        {
          "schema_version": 0,
          "attributes": {
            "arn": "arn:aws:ec2:us-west-2:412675759620:internet-gateway/igw-021e281abd83b0a2f",
            "id": "igw-021e281abd83b0a2f",
            "owner_id": "412675759620",
            "tags": null,
            "vpc_id": "vpc-0cb3f15947612bd9a"
          },
          "private": "bnVsbA==",
          "dependencies": [
            "aws_vpc.vpc_secondary"
          ]
        }
      ]
    },
    {
      "mode": "managed",
      "type": "aws_key_pair",
      "name": "primary_key",
      "provider": "provider[\"registry.terraform.io/hashicorp/aws\"].region-primary",
      "instances": [
        {
          "schema_version": 1,
          "attributes": {
            "arn": "arn:aws:ec2:us-east-1:412675759620:key-pair/jenkins",
            "fingerprint": "58:b9:30:0a:a5:28:4c:d7:6a:17:1b:31:92:07:c8:01",
            "id": "jenkins",
            "key_name": "jenkins",
            "key_name_prefix": null,
            "key_pair_id": "key-00ca5df1ef5bd0728",
            "public_key": "ssh-rsa AAAAB3NzaC1yc2EAAAADAQABAAABgQDXTPkyWvSLzkaoPO1EOlwC2mGVOEZU/GZ9s2lXq9Qmfhcwp1eUHGM0gz4khPExU7J2tUImkwh7bSwag5Vr3SxuRJt+MQQakIM3qfH7DaDnCF6T25ZTQMEeIU5jQAcNivP2JABYIcadnQe1Xef+V7ZM9F+Dlc3yxD0tk9YY6ruBHIeNtosFgg3xKLrC1HPVUED2WAOR2hT0fwfTfBNoXCcKOHFIRlp1f2WKMvRnA366jQRR7b9miXoI5kdgIds74svlOMLOpSA3HwPLPOGaLvAezBY0QEoBGAHtSCDEabD3gxMShmUQqO20fslOUva25gYaz6CekDl/7sAXiepxgF4XGp8znYZJZEgzL+3NF0Kqt/91Gx973xMOJC1A1hxaBA9AL84XxgVZheEytqoh0UmW/km/9eT+8S4/QFlODMjfhPy5SU8v9IivElfmFwvTR3H7ebOMSZHd333tssM2wDNbbosWlCUlaIJlO4+Gg5ji6NV1t9YkoipfYRhD8vvoSvk= sakuffo@Stephen-MainPC",
            "tags": null
          },
          "private": "eyJzY2hlbWFfdmVyc2lvbiI6IjEifQ=="
        }
      ]
    },
    {
      "mode": "managed",
      "type": "aws_key_pair",
      "name": "secondary_key",
      "provider": "provider[\"registry.terraform.io/hashicorp/aws\"].region-secondary",
      "instances": [
        {
          "schema_version": 1,
          "attributes": {
            "arn": "arn:aws:ec2:us-west-2:412675759620:key-pair/jenkins",
            "fingerprint": "58:b9:30:0a:a5:28:4c:d7:6a:17:1b:31:92:07:c8:01",
            "id": "jenkins",
            "key_name": "jenkins",
            "key_name_prefix": null,
            "key_pair_id": "key-0309ae403b4b1aab6",
            "public_key": "ssh-rsa AAAAB3NzaC1yc2EAAAADAQABAAABgQDXTPkyWvSLzkaoPO1EOlwC2mGVOEZU/GZ9s2lXq9Qmfhcwp1eUHGM0gz4khPExU7J2tUImkwh7bSwag5Vr3SxuRJt+MQQakIM3qfH7DaDnCF6T25ZTQMEeIU5jQAcNivP2JABYIcadnQe1Xef+V7ZM9F+Dlc3yxD0tk9YY6ruBHIeNtosFgg3xKLrC1HPVUED2WAOR2hT0fwfTfBNoXCcKOHFIRlp1f2WKMvRnA366jQRR7b9miXoI5kdgIds74svlOMLOpSA3HwPLPOGaLvAezBY0QEoBGAHtSCDEabD3gxMShmUQqO20fslOUva25gYaz6CekDl/7sAXiepxgF4XGp8znYZJZEgzL+3NF0Kqt/91Gx973xMOJC1A1hxaBA9AL84XxgVZheEytqoh0UmW/km/9eT+8S4/QFlODMjfhPy5SU8v9IivElfmFwvTR3H7ebOMSZHd333tssM2wDNbbosWlCUlaIJlO4+Gg5ji6NV1t9YkoipfYRhD8vvoSvk= sakuffo@Stephen-MainPC",
            "tags": null
          },
          "private": "eyJzY2hlbWFfdmVyc2lvbiI6IjEifQ=="
        }
      ]
    },
    {
      "mode": "managed",
      "type": "aws_lb",
      "name": "application-lb",
      "provider": "provider[\"registry.terraform.io/hashicorp/aws\"].region-primary",
      "instances": [
        {
          "schema_version": 0,
          "attributes": {
            "access_logs": [
              {
                "bucket": "",
                "enabled": false,
                "prefix": ""
              }
            ],
            "arn": "arn:aws:elasticloadbalancing:us-east-1:412675759620:loadbalancer/app/jenkins-lb/abe0869af5ab5f31",
            "arn_suffix": "app/jenkins-lb/abe0869af5ab5f31",
            "customer_owned_ipv4_pool": "",
            "dns_name": "jenkins-lb-2092232897.us-east-1.elb.amazonaws.com",
            "drop_invalid_header_fields": false,
            "enable_cross_zone_load_balancing": null,
            "enable_deletion_protection": false,
            "enable_http2": true,
            "id": "arn:aws:elasticloadbalancing:us-east-1:412675759620:loadbalancer/app/jenkins-lb/abe0869af5ab5f31",
            "idle_timeout": 60,
            "internal": false,
            "ip_address_type": "ipv4",
            "load_balancer_type": "application",
            "name": "jenkins-lb",
            "name_prefix": null,
            "security_groups": [
              "sg-0f839c116a171177b"
            ],
            "subnet_mapping": [
              {
                "allocation_id": "",
                "outpost_id": "",
                "private_ipv4_address": "",
                "subnet_id": "subnet-09980bec1319e3b4d"
              },
              {
                "allocation_id": "",
                "outpost_id": "",
                "private_ipv4_address": "",
                "subnet_id": "subnet-0c4bedce1d3fd01e4"
              }
            ],
            "subnets": [
              "subnet-09980bec1319e3b4d",
              "subnet-0c4bedce1d3fd01e4"
            ],
            "tags": {
              "Name": "Jenkins-LB"
            },
            "timeouts": null,
            "vpc_id": "vpc-0afa464e735955a14",
            "zone_id": "Z35SXDOTRQ7X7K"
          },
          "private": "eyJlMmJmYjczMC1lY2FhLTExZTYtOGY4OC0zNDM2M2JjN2M0YzAiOnsiY3JlYXRlIjo2MDAwMDAwMDAwMDAsImRlbGV0ZSI6NjAwMDAwMDAwMDAwLCJ1cGRhdGUiOjYwMDAwMDAwMDAwMH19",
          "dependencies": [
            "aws_security_group.lb_sg",
            "aws_subnet.primary_subnet_1",
            "aws_subnet.primary_subnet_2",
            "aws_vpc.vpc_primary",
            "data.aws_availability_zones.azs"
          ]
        }
      ]
    },
    {
      "mode": "managed",
      "type": "aws_lb_listener",
      "name": "jenkins-listener-http",
      "provider": "provider[\"registry.terraform.io/hashicorp/aws\"].region-primary",
      "instances": [
        {
          "schema_version": 0,
          "attributes": {
            "arn": "arn:aws:elasticloadbalancing:us-east-1:412675759620:listener/app/jenkins-lb/abe0869af5ab5f31/a8354b470eb2dc10",
            "certificate_arn": null,
            "default_action": [
              {
                "authenticate_cognito": [],
                "authenticate_oidc": [],
                "fixed_response": [],
                "forward": [],
                "order": 1,
                "redirect": [
                  {
                    "host": "#{host}",
                    "path": "/#{path}",
                    "port": "443",
                    "protocol": "HTTPS",
                    "query": "#{query}",
                    "status_code": "HTTP_301"
                  }
                ],
                "target_group_arn": "",
                "type": "redirect"
              }
            ],
            "id": "arn:aws:elasticloadbalancing:us-east-1:412675759620:listener/app/jenkins-lb/abe0869af5ab5f31/a8354b470eb2dc10",
            "load_balancer_arn": "arn:aws:elasticloadbalancing:us-east-1:412675759620:loadbalancer/app/jenkins-lb/abe0869af5ab5f31",
            "port": 80,
            "protocol": "HTTP",
            "ssl_policy": "",
            "timeouts": null
          },
          "private": "eyJlMmJmYjczMC1lY2FhLTExZTYtOGY4OC0zNDM2M2JjN2M0YzAiOnsicmVhZCI6NjAwMDAwMDAwMDAwfX0=",
          "dependencies": [
            "aws_lb.application-lb",
            "aws_security_group.lb_sg",
            "aws_subnet.primary_subnet_1",
            "aws_subnet.primary_subnet_2",
            "aws_vpc.vpc_primary",
            "data.aws_availability_zones.azs"
          ]
        }
      ]
    },
    {
      "mode": "managed",
      "type": "aws_lb_target_group",
      "name": "app-lb-tg",
      "provider": "provider[\"registry.terraform.io/hashicorp/aws\"].region-primary",
      "instances": [
        {
          "schema_version": 0,
          "attributes": {
            "arn": "arn:aws:elasticloadbalancing:us-east-1:412675759620:targetgroup/app-lb-tg/b2e00224a5da34e9",
            "arn_suffix": "targetgroup/app-lb-tg/b2e00224a5da34e9",
            "deregistration_delay": 300,
            "health_check": [
              {
                "enabled": true,
                "healthy_threshold": 3,
                "interval": 10,
                "matcher": "200-299",
                "path": "/",
                "port": "80",
                "protocol": "HTTP",
                "timeout": 5,
                "unhealthy_threshold": 3
              }
            ],
            "id": "arn:aws:elasticloadbalancing:us-east-1:412675759620:targetgroup/app-lb-tg/b2e00224a5da34e9",
            "lambda_multi_value_headers_enabled": false,
            "load_balancing_algorithm_type": "round_robin",
            "name": "app-lb-tg",
            "name_prefix": null,
            "port": 80,
            "protocol": "HTTP",
            "proxy_protocol_v2": false,
            "slow_start": 0,
            "stickiness": [
              {
                "cookie_duration": 86400,
                "enabled": false,
                "type": "lb_cookie"
              }
            ],
            "tags": {
              "Name": "jenkins-target-group"
            },
            "target_type": "instance",
            "vpc_id": "vpc-0afa464e735955a14"
          },
          "private": "bnVsbA==",
          "dependencies": [
            "aws_vpc.vpc_primary"
          ]
        }
      ]
    },
    {
      "mode": "managed",
      "type": "aws_lb_target_group_attachment",
      "name": "jenkins_primary_attach",
      "provider": "provider[\"registry.terraform.io/hashicorp/aws\"].region-primary",
      "instances": [
        {
          "schema_version": 0,
          "attributes": {
            "availability_zone": null,
            "id": "arn:aws:elasticloadbalancing:us-east-1:412675759620:targetgroup/app-lb-tg/b2e00224a5da34e9-20201116054948825600000002",
            "port": 80,
            "target_group_arn": "arn:aws:elasticloadbalancing:us-east-1:412675759620:targetgroup/app-lb-tg/b2e00224a5da34e9",
            "target_id": "i-0083ea64939f9dafc"
          },
          "private": "bnVsbA==",
          "dependencies": [
            "aws_instance.jenkins-primary",
            "aws_internet_gateway.igw_primary",
            "aws_key_pair.primary_key",
            "aws_lb_target_group.app-lb-tg",
            "aws_main_route_table_association.set-primary-default-rt-assoc",
            "aws_route_table.internet_route_primary",
            "aws_security_group.jenkins_sg_primary",
            "aws_security_group.lb_sg",
            "aws_subnet.primary_subnet_1",
            "aws_vpc.vpc_primary",
            "aws_vpc.vpc_secondary",
            "aws_vpc_peering_connection.primary_to_secondary",
            "data.aws_availability_zones.azs",
            "data.aws_ssm_parameter.linuxAMI_primary"
          ]
        }
      ]
    },
    {
      "mode": "managed",
      "type": "aws_main_route_table_association",
      "name": "set-primary-default-rt-assoc",
      "provider": "provider[\"registry.terraform.io/hashicorp/aws\"].region-primary",
      "instances": [
        {
          "schema_version": 0,
          "attributes": {
            "id": "rtbassoc-04f247d1b123bcc47",
            "original_route_table_id": "rtb-0fc3367f7a5e40ed9",
            "route_table_id": "rtb-081ced60ff7dbace6",
            "vpc_id": "vpc-0afa464e735955a14"
          },
          "private": "bnVsbA==",
          "dependencies": [
            "aws_internet_gateway.igw_primary",
            "aws_route_table.internet_route_primary",
            "aws_vpc.vpc_primary",
            "aws_vpc.vpc_secondary",
            "aws_vpc_peering_connection.primary_to_secondary"
          ]
        }
      ]
    },
    {
      "mode": "managed",
      "type": "aws_main_route_table_association",
      "name": "set-secondary-default-rt-assoc",
      "provider": "provider[\"registry.terraform.io/hashicorp/aws\"].region-secondary",
      "instances": [
        {
          "schema_version": 0,
          "attributes": {
            "id": "rtbassoc-09c0d74129a4ec611",
            "original_route_table_id": "rtb-098634d02ea2d4ee9",
            "route_table_id": "rtb-0611e3a4bf145128f",
            "vpc_id": "vpc-0cb3f15947612bd9a"
          },
          "private": "bnVsbA==",
          "dependencies": [
            "aws_internet_gateway.igw_secondary",
            "aws_route_table.internet_route_secondary",
            "aws_vpc.vpc_primary",
            "aws_vpc.vpc_secondary",
            "aws_vpc_peering_connection.primary_to_secondary"
          ]
        }
      ]
    },
    {
      "mode": "managed",
      "type": "aws_route53_record",
      "name": "cert_validation",
      "provider": "provider[\"registry.terraform.io/hashicorp/aws\"].region-primary",
      "instances": [
        {
          "index_key": "jenkins.cmcloudlab1024.info",
          "schema_version": 2,
          "attributes": {
            "alias": [],
            "allow_overwrite": null,
            "failover_routing_policy": [],
            "fqdn": "_76e96fc9b12954e860978be28e4333d1.jenkins.cmcloudlab1024.info",
            "geolocation_routing_policy": [],
            "health_check_id": null,
            "id": "Z07214902FYNBUZM1PQ5B__76e96fc9b12954e860978be28e4333d1.jenkins.cmcloudlab1024.info._CNAME",
            "latency_routing_policy": [],
            "multivalue_answer_routing_policy": null,
            "name": "_76e96fc9b12954e860978be28e4333d1.jenkins.cmcloudlab1024.info",
            "records": [
              "_daf8174daa5684bb2262e68c2e24a32b.wggjkglgrm.acm-validations.aws."
            ],
            "set_identifier": null,
            "ttl": 60,
            "type": "CNAME",
            "weighted_routing_policy": [],
            "zone_id": "Z07214902FYNBUZM1PQ5B"
          },
          "private": "eyJzY2hlbWFfdmVyc2lvbiI6IjIifQ==",
          "dependencies": [
            "aws_acm_certificate.jenkins-lb-https",
            "data.aws_route53_zone.dns"
          ]
        }
      ]
    },
    {
      "mode": "managed",
      "type": "aws_route53_record",
      "name": "jenkins",
      "provider": "provider[\"registry.terraform.io/hashicorp/aws\"].region-primary",
      "instances": [
        {
          "schema_version": 2,
          "attributes": {
            "alias": [
              {
                "evaluate_target_health": true,
                "name": "jenkins-lb-2092232897.us-east-1.elb.amazonaws.com",
                "zone_id": "Z35SXDOTRQ7X7K"
              }
            ],
            "allow_overwrite": null,
            "failover_routing_policy": [],
            "fqdn": "jenkins.cmcloudlab1024.info",
            "geolocation_routing_policy": [],
            "health_check_id": null,
            "id": "Z07214902FYNBUZM1PQ5B_jenkins.cmcloudlab1024.info_A",
            "latency_routing_policy": [],
            "multivalue_answer_routing_policy": null,
            "name": "jenkins.cmcloudlab1024.info",
            "records": null,
            "set_identifier": null,
            "ttl": null,
            "type": "A",
            "weighted_routing_policy": [],
            "zone_id": "Z07214902FYNBUZM1PQ5B"
          },
          "private": "eyJzY2hlbWFfdmVyc2lvbiI6IjIifQ==",
          "dependencies": [
            "aws_lb.application-lb",
            "aws_security_group.lb_sg",
            "aws_subnet.primary_subnet_1",
            "aws_subnet.primary_subnet_2",
            "aws_vpc.vpc_primary",
            "data.aws_availability_zones.azs",
            "data.aws_route53_zone.dns"
          ]
        }
      ]
    },
    {
      "mode": "managed",
      "type": "aws_route_table",
      "name": "internet_route_primary",
      "provider": "provider[\"registry.terraform.io/hashicorp/aws\"].region-primary",
      "instances": [
        {
          "schema_version": 0,
          "attributes": {
            "id": "rtb-081ced60ff7dbace6",
            "owner_id": "412675759620",
            "propagating_vgws": [],
            "route": [
              {
                "cidr_block": "0.0.0.0/0",
                "egress_only_gateway_id": "",
                "gateway_id": "igw-02e746911e86f30ba",
                "instance_id": "",
                "ipv6_cidr_block": "",
                "local_gateway_id": "",
                "nat_gateway_id": "",
                "network_interface_id": "",
                "transit_gateway_id": "",
                "vpc_endpoint_id": "",
                "vpc_peering_connection_id": ""
              },
              {
                "cidr_block": "192.10.1.0/24",
                "egress_only_gateway_id": "",
                "gateway_id": "",
                "instance_id": "",
                "ipv6_cidr_block": "",
                "local_gateway_id": "",
                "nat_gateway_id": "",
                "network_interface_id": "",
                "transit_gateway_id": "",
                "vpc_endpoint_id": "",
                "vpc_peering_connection_id": "pcx-0877dd9cd94439a3a"
              }
            ],
            "tags": {
              "Name": "Primary-Region-RT"
            },
            "vpc_id": "vpc-0afa464e735955a14"
          },
          "private": "bnVsbA==",
          "dependencies": [
            "aws_internet_gateway.igw_primary",
            "aws_vpc.vpc_primary",
            "aws_vpc.vpc_secondary",
            "aws_vpc_peering_connection.primary_to_secondary"
          ]
        }
      ]
    },
    {
      "mode": "managed",
      "type": "aws_route_table",
      "name": "internet_route_secondary",
      "provider": "provider[\"registry.terraform.io/hashicorp/aws\"].region-secondary",
      "instances": [
        {
          "schema_version": 0,
          "attributes": {
            "id": "rtb-0611e3a4bf145128f",
            "owner_id": "412675759620",
            "propagating_vgws": [],
            "route": [
              {
                "cidr_block": "0.0.0.0/0",
                "egress_only_gateway_id": "",
                "gateway_id": "igw-021e281abd83b0a2f",
                "instance_id": "",
                "ipv6_cidr_block": "",
                "local_gateway_id": "",
                "nat_gateway_id": "",
                "network_interface_id": "",
                "transit_gateway_id": "",
                "vpc_endpoint_id": "",
                "vpc_peering_connection_id": ""
              },
              {
                "cidr_block": "10.10.1.0/24",
                "egress_only_gateway_id": "",
                "gateway_id": "",
                "instance_id": "",
                "ipv6_cidr_block": "",
                "local_gateway_id": "",
                "nat_gateway_id": "",
                "network_interface_id": "",
                "transit_gateway_id": "",
                "vpc_endpoint_id": "",
                "vpc_peering_connection_id": "pcx-0877dd9cd94439a3a"
              }
            ],
            "tags": {
              "Name": "Secondary-Region-RT"
            },
            "vpc_id": "vpc-0cb3f15947612bd9a"
          },
          "private": "bnVsbA==",
          "dependencies": [
            "aws_internet_gateway.igw_secondary",
            "aws_vpc.vpc_primary",
            "aws_vpc.vpc_secondary",
            "aws_vpc_peering_connection.primary_to_secondary"
          ]
        }
      ]
    },
    {
      "mode": "managed",
      "type": "aws_security_group",
      "name": "jenkins_sg_primary",
      "provider": "provider[\"registry.terraform.io/hashicorp/aws\"].region-primary",
      "instances": [
        {
          "schema_version": 1,
          "attributes": {
            "arn": "arn:aws:ec2:us-east-1:412675759620:security-group/sg-09feae6ef956dc9cd",
            "description": "Allow TCP/8080 \u0026 TCP/22",
            "egress": [
              {
                "cidr_blocks": [
                  "0.0.0.0/0"
                ],
                "description": "",
                "from_port": 0,
                "ipv6_cidr_blocks": [],
                "prefix_list_ids": [],
                "protocol": "-1",
                "security_groups": [],
                "self": false,
                "to_port": 0
              }
            ],
            "id": "sg-09feae6ef956dc9cd",
            "ingress": [
              {
                "cidr_blocks": [
                  "0.0.0.0/0"
                ],
                "description": "Allow 22 from our public IP(s)",
                "from_port": 22,
                "ipv6_cidr_blocks": [],
                "prefix_list_ids": [],
                "protocol": "tcp",
                "security_groups": [],
                "self": false,
                "to_port": 22
              },
              {
                "cidr_blocks": [
                  "192.10.1.0/24"
                ],
                "description": "allow traffic from secondary",
                "from_port": 0,
                "ipv6_cidr_blocks": [],
                "prefix_list_ids": [],
                "protocol": "-1",
                "security_groups": [],
                "self": false,
                "to_port": 0
              },
              {
                "cidr_blocks": [],
                "description": "Allow anyone on port 8080",
                "from_port": 80,
                "ipv6_cidr_blocks": [],
                "prefix_list_ids": [],
                "protocol": "tcp",
                "security_groups": [
                  "sg-0f839c116a171177b"
                ],
                "self": false,
                "to_port": 80
              }
            ],
            "name": "jenkins-sg-primary",
            "name_prefix": "",
            "owner_id": "412675759620",
            "revoke_rules_on_delete": false,
            "tags": null,
            "timeouts": null,
            "vpc_id": "vpc-0afa464e735955a14"
          },
          "private": "eyJlMmJmYjczMC1lY2FhLTExZTYtOGY4OC0zNDM2M2JjN2M0YzAiOnsiY3JlYXRlIjo2MDAwMDAwMDAwMDAsImRlbGV0ZSI6NjAwMDAwMDAwMDAwfSwic2NoZW1hX3ZlcnNpb24iOiIxIn0=",
          "dependencies": [
            "aws_security_group.lb_sg",
            "aws_vpc.vpc_primary"
          ]
        }
      ]
    },
    {
      "mode": "managed",
      "type": "aws_security_group",
      "name": "jenkins_sg_secondary",
      "provider": "provider[\"registry.terraform.io/hashicorp/aws\"].region-secondary",
      "instances": [
        {
          "schema_version": 1,
          "attributes": {
            "arn": "arn:aws:ec2:us-west-2:412675759620:security-group/sg-0b3dc5f0a4ef571a8",
            "description": "Allow TCP/8080 \u0026 TCP/22",
            "egress": [
              {
                "cidr_blocks": [
                  "0.0.0.0/0"
                ],
                "description": "",
                "from_port": 0,
                "ipv6_cidr_blocks": [],
                "prefix_list_ids": [],
                "protocol": "-1",
                "security_groups": [],
                "self": false,
                "to_port": 0
              }
            ],
            "id": "sg-0b3dc5f0a4ef571a8",
            "ingress": [
              {
                "cidr_blocks": [
                  "0.0.0.0/0"
                ],
                "description": "Allow 22 from our public ip",
                "from_port": 22,
                "ipv6_cidr_blocks": [],
                "prefix_list_ids": [],
                "protocol": "tcp",
                "security_groups": [],
                "self": false,
                "to_port": 22
              },
              {
                "cidr_blocks": [
                  "10.10.1.0/24"
                ],
                "description": "Allow traffic from primary",
                "from_port": 0,
                "ipv6_cidr_blocks": [],
                "prefix_list_ids": [],
                "protocol": "-1",
                "security_groups": [],
                "self": false,
                "to_port": 0
              }
            ],
            "name": "jenkins-sg-secondary",
            "name_prefix": "",
            "owner_id": "412675759620",
            "revoke_rules_on_delete": false,
            "tags": null,
            "timeouts": null,
            "vpc_id": "vpc-0cb3f15947612bd9a"
          },
          "private": "eyJlMmJmYjczMC1lY2FhLTExZTYtOGY4OC0zNDM2M2JjN2M0YzAiOnsiY3JlYXRlIjo2MDAwMDAwMDAwMDAsImRlbGV0ZSI6NjAwMDAwMDAwMDAwfSwic2NoZW1hX3ZlcnNpb24iOiIxIn0=",
          "dependencies": [
            "aws_vpc.vpc_secondary"
          ]
        }
      ]
    },
    {
      "mode": "managed",
      "type": "aws_security_group",
      "name": "lb_sg",
      "provider": "provider[\"registry.terraform.io/hashicorp/aws\"].region-primary",
      "instances": [
        {
          "schema_version": 1,
          "attributes": {
            "arn": "arn:aws:ec2:us-east-1:412675759620:security-group/sg-0f839c116a171177b",
            "description": "Allow 443 and traffic to Jenkins SG",
            "egress": [
              {
                "cidr_blocks": [
                  "0.0.0.0/0"
                ],
                "description": "",
                "from_port": 0,
                "ipv6_cidr_blocks": [],
                "prefix_list_ids": [],
                "protocol": "-1",
                "security_groups": [],
                "self": false,
                "to_port": 0
              }
            ],
            "id": "sg-0f839c116a171177b",
            "ingress": [
              {
                "cidr_blocks": [
                  "0.0.0.0/0"
                ],
                "description": "Allow 443 from anywhere",
                "from_port": 443,
                "ipv6_cidr_blocks": [],
                "prefix_list_ids": [],
                "protocol": "tcp",
                "security_groups": [],
                "self": false,
                "to_port": 443
              },
              {
                "cidr_blocks": [
                  "0.0.0.0/0"
                ],
                "description": "Allow 80 from anywhere for redirection",
                "from_port": 80,
                "ipv6_cidr_blocks": [],
                "prefix_list_ids": [],
                "protocol": "tcp",
                "security_groups": [],
                "self": false,
                "to_port": 80
              }
            ],
            "name": "lb-sg",
            "name_prefix": "",
            "owner_id": "412675759620",
            "revoke_rules_on_delete": false,
            "tags": null,
            "timeouts": null,
            "vpc_id": "vpc-0afa464e735955a14"
          },
          "private": "eyJlMmJmYjczMC1lY2FhLTExZTYtOGY4OC0zNDM2M2JjN2M0YzAiOnsiY3JlYXRlIjo2MDAwMDAwMDAwMDAsImRlbGV0ZSI6NjAwMDAwMDAwMDAwfSwic2NoZW1hX3ZlcnNpb24iOiIxIn0=",
          "dependencies": [
            "aws_vpc.vpc_primary"
          ]
        }
      ]
    },
    {
      "mode": "managed",
      "type": "aws_subnet",
      "name": "primary_subnet_1",
      "provider": "provider[\"registry.terraform.io/hashicorp/aws\"].region-primary",
      "instances": [
        {
          "schema_version": 1,
          "attributes": {
            "arn": "arn:aws:ec2:us-east-1:412675759620:subnet/subnet-09980bec1319e3b4d",
            "assign_ipv6_address_on_creation": false,
            "availability_zone": "us-east-1a",
            "availability_zone_id": "use1-az1",
            "cidr_block": "10.10.1.0/24",
            "id": "subnet-09980bec1319e3b4d",
            "ipv6_cidr_block": "",
            "ipv6_cidr_block_association_id": "",
            "map_public_ip_on_launch": false,
            "outpost_arn": "",
            "owner_id": "412675759620",
            "tags": null,
            "timeouts": null,
            "vpc_id": "vpc-0afa464e735955a14"
          },
          "private": "eyJlMmJmYjczMC1lY2FhLTExZTYtOGY4OC0zNDM2M2JjN2M0YzAiOnsiY3JlYXRlIjo2MDAwMDAwMDAwMDAsImRlbGV0ZSI6MTIwMDAwMDAwMDAwMH0sInNjaGVtYV92ZXJzaW9uIjoiMSJ9",
          "dependencies": [
            "aws_vpc.vpc_primary",
            "data.aws_availability_zones.azs"
          ]
        }
      ]
    },
    {
      "mode": "managed",
      "type": "aws_subnet",
      "name": "primary_subnet_2",
      "provider": "provider[\"registry.terraform.io/hashicorp/aws\"].region-primary",
      "instances": [
        {
          "schema_version": 1,
          "attributes": {
            "arn": "arn:aws:ec2:us-east-1:412675759620:subnet/subnet-0c4bedce1d3fd01e4",
            "assign_ipv6_address_on_creation": false,
            "availability_zone": "us-east-1b",
            "availability_zone_id": "use1-az2",
            "cidr_block": "10.10.2.0/24",
            "id": "subnet-0c4bedce1d3fd01e4",
            "ipv6_cidr_block": "",
            "ipv6_cidr_block_association_id": "",
            "map_public_ip_on_launch": false,
            "outpost_arn": "",
            "owner_id": "412675759620",
            "tags": null,
            "timeouts": null,
            "vpc_id": "vpc-0afa464e735955a14"
          },
          "private": "eyJlMmJmYjczMC1lY2FhLTExZTYtOGY4OC0zNDM2M2JjN2M0YzAiOnsiY3JlYXRlIjo2MDAwMDAwMDAwMDAsImRlbGV0ZSI6MTIwMDAwMDAwMDAwMH0sInNjaGVtYV92ZXJzaW9uIjoiMSJ9",
          "dependencies": [
            "aws_vpc.vpc_primary",
            "data.aws_availability_zones.azs"
          ]
        }
      ]
    },
    {
      "mode": "managed",
      "type": "aws_subnet",
      "name": "secondary_subnet_1",
      "provider": "provider[\"registry.terraform.io/hashicorp/aws\"].region-secondary",
      "instances": [
        {
          "schema_version": 1,
          "attributes": {
            "arn": "arn:aws:ec2:us-west-2:412675759620:subnet/subnet-0bc558d558258c151",
            "assign_ipv6_address_on_creation": false,
            "availability_zone": "us-west-2b",
            "availability_zone_id": "usw2-az1",
            "cidr_block": "192.10.1.0/24",
            "id": "subnet-0bc558d558258c151",
            "ipv6_cidr_block": "",
            "ipv6_cidr_block_association_id": "",
            "map_public_ip_on_launch": false,
            "outpost_arn": "",
            "owner_id": "412675759620",
            "tags": null,
            "timeouts": null,
            "vpc_id": "vpc-0cb3f15947612bd9a"
          },
          "private": "eyJlMmJmYjczMC1lY2FhLTExZTYtOGY4OC0zNDM2M2JjN2M0YzAiOnsiY3JlYXRlIjo2MDAwMDAwMDAwMDAsImRlbGV0ZSI6MTIwMDAwMDAwMDAwMH0sInNjaGVtYV92ZXJzaW9uIjoiMSJ9",
          "dependencies": [
            "aws_vpc.vpc_secondary"
          ]
        }
      ]
    },
    {
      "mode": "managed",
      "type": "aws_vpc",
      "name": "vpc_primary",
      "provider": "provider[\"registry.terraform.io/hashicorp/aws\"].region-primary",
      "instances": [
        {
          "schema_version": 1,
          "attributes": {
            "arn": "arn:aws:ec2:us-east-1:412675759620:vpc/vpc-0afa464e735955a14",
            "assign_generated_ipv6_cidr_block": false,
            "cidr_block": "10.10.0.0/16",
            "default_network_acl_id": "acl-0adc348445f567c46",
            "default_route_table_id": "rtb-0fc3367f7a5e40ed9",
            "default_security_group_id": "sg-068f9667b2ff2687e",
            "dhcp_options_id": "dopt-053933af337802a53",
            "enable_classiclink": false,
            "enable_classiclink_dns_support": false,
            "enable_dns_hostnames": true,
            "enable_dns_support": true,
            "id": "vpc-0afa464e735955a14",
            "instance_tenancy": "default",
            "ipv6_association_id": "",
            "ipv6_cidr_block": "",
            "main_route_table_id": "rtb-0fc3367f7a5e40ed9",
            "owner_id": "412675759620",
            "tags": {
              "Name": "primary-vpc-jenkins"
            }
          },
          "private": "eyJzY2hlbWFfdmVyc2lvbiI6IjEifQ=="
        }
      ]
    },
    {
      "mode": "managed",
      "type": "aws_vpc",
      "name": "vpc_secondary",
      "provider": "provider[\"registry.terraform.io/hashicorp/aws\"].region-secondary",
      "instances": [
        {
          "schema_version": 1,
          "attributes": {
            "arn": "arn:aws:ec2:us-west-2:412675759620:vpc/vpc-0cb3f15947612bd9a",
            "assign_generated_ipv6_cidr_block": false,
            "cidr_block": "192.10.0.0/16",
            "default_network_acl_id": "acl-023fc45f18c32c4a2",
            "default_route_table_id": "rtb-098634d02ea2d4ee9",
            "default_security_group_id": "sg-0859cb45ff4c2f46f",
            "dhcp_options_id": "dopt-0ab873fda29f890ca",
            "enable_classiclink": false,
            "enable_classiclink_dns_support": false,
            "enable_dns_hostnames": true,
            "enable_dns_support": true,
            "id": "vpc-0cb3f15947612bd9a",
            "instance_tenancy": "default",
            "ipv6_association_id": "",
            "ipv6_cidr_block": "",
            "main_route_table_id": "rtb-098634d02ea2d4ee9",
            "owner_id": "412675759620",
            "tags": {
              "Name": "secondary-vpc-jenkins"
            }
          },
          "private": "eyJzY2hlbWFfdmVyc2lvbiI6IjEifQ=="
        }
      ]
    },
    {
      "mode": "managed",
      "type": "aws_vpc_peering_connection",
      "name": "primary_to_secondary",
      "provider": "provider[\"registry.terraform.io/hashicorp/aws\"].region-primary",
      "instances": [
        {
          "schema_version": 0,
          "attributes": {
            "accept_status": "pending-acceptance",
            "accepter": [],
            "auto_accept": null,
            "id": "pcx-0877dd9cd94439a3a",
            "peer_owner_id": "412675759620",
            "peer_region": "us-west-2",
            "peer_vpc_id": "vpc-0cb3f15947612bd9a",
            "requester": [
              {
                "allow_classic_link_to_remote_vpc": false,
                "allow_remote_vpc_dns_resolution": false,
                "allow_vpc_to_remote_classic_link": false
              }
            ],
            "tags": null,
            "timeouts": null,
            "vpc_id": "vpc-0afa464e735955a14"
          },
          "private": "eyJlMmJmYjczMC1lY2FhLTExZTYtOGY4OC0zNDM2M2JjN2M0YzAiOnsiY3JlYXRlIjo2MDAwMDAwMDAwMCwiZGVsZXRlIjo2MDAwMDAwMDAwMCwidXBkYXRlIjo2MDAwMDAwMDAwMH19",
          "dependencies": [
            "aws_vpc.vpc_primary",
            "aws_vpc.vpc_secondary"
          ]
        }
      ]
    },
    {
      "mode": "managed",
      "type": "aws_vpc_peering_connection_accepter",
      "name": "secondary_accept_peering",
      "provider": "provider[\"registry.terraform.io/hashicorp/aws\"].region-secondary",
      "instances": [
        {
          "schema_version": 0,
          "attributes": {
            "accept_status": "active",
            "accepter": [
              {
                "allow_classic_link_to_remote_vpc": false,
                "allow_remote_vpc_dns_resolution": false,
                "allow_vpc_to_remote_classic_link": false
              }
            ],
            "auto_accept": true,
            "id": "pcx-0877dd9cd94439a3a",
            "peer_owner_id": "412675759620",
            "peer_region": "us-west-2",
            "peer_vpc_id": "vpc-0cb3f15947612bd9a",
            "requester": [
              {
                "allow_classic_link_to_remote_vpc": false,
                "allow_remote_vpc_dns_resolution": false,
                "allow_vpc_to_remote_classic_link": false
              }
            ],
            "tags": null,
            "vpc_id": "vpc-0afa464e735955a14",
            "vpc_peering_connection_id": "pcx-0877dd9cd94439a3a"
          },
          "private": "bnVsbA==",
          "dependencies": [
            "aws_vpc.vpc_primary",
            "aws_vpc.vpc_secondary",
            "aws_vpc_peering_connection.primary_to_secondary"
          ]
        }
      ]
    }
  ]
}
