{
  "version": 4,
  "terraform_version": "0.13.5",
  "serial": 27,
  "lineage": "669ddcce-1c72-8f47-583b-49dfafad168a",
  "outputs": {
    "LB_DNS_NAME": {
      "value": "jenkins-lb-466041948.us-east-1.elb.amazonaws.com",
      "type": "string"
    },
    "url": {
      "value": "jenkins.cmcloudlab874.info",
      "type": "string"
    }
  },
  "resources": [
    {
      "mode": "data",
      "type": "aws_availability_zones",
      "name": "azs",
      "provider": "provider[\"registry.terraform.io/hashicorp/aws\"].region-primary",
      "instances": [
        {
          "schema_version": 0,
          "attributes": {
            "all_availability_zones": null,
            "exclude_names": null,
            "exclude_zone_ids": null,
            "filter": null,
            "group_names": [
              "us-east-1"
            ],
            "id": "us-east-1",
            "names": [
              "us-east-1a",
              "us-east-1b",
              "us-east-1c",
              "us-east-1d",
              "us-east-1e",
              "us-east-1f"
            ],
            "state": "available",
            "zone_ids": [
              "use1-az1",
              "use1-az2",
              "use1-az4",
              "use1-az6",
              "use1-az3",
              "use1-az5"
            ]
          }
        }
      ]
    },
    {
      "mode": "data",
      "type": "aws_route53_zone",
      "name": "dns",
      "provider": "provider[\"registry.terraform.io/hashicorp/aws\"].region-primary",
      "instances": [
        {
          "schema_version": 0,
          "attributes": {
            "caller_reference": "cmcloudlab874.info2020-05-06 18:33:23.688505",
            "comment": "",
            "id": "Z07228782I3AR28SGD5OF",
            "linked_service_description": null,
            "linked_service_principal": null,
            "name": "cmcloudlab874.info",
            "name_servers": [
              "ns-234.awsdns-29.com",
              "ns-1180.awsdns-19.org",
              "ns-651.awsdns-17.net",
              "ns-2020.awsdns-60.co.uk"
            ],
            "private_zone": false,
            "resource_record_set_count": 2,
            "tags": {},
            "vpc_id": null,
            "zone_id": "Z07228782I3AR28SGD5OF"
          }
        }
      ]
    },
    {
      "mode": "data",
      "type": "aws_ssm_parameter",
      "name": "linuxAMI_primary",
      "provider": "provider[\"registry.terraform.io/hashicorp/aws\"].region-primary",
      "instances": [
        {
          "schema_version": 0,
          "attributes": {
            "arn": "arn:aws:ssm:us-east-1:947344745710:parameter/aws/service/ami-amazon-linux-latest/amzn2-ami-hvm-x86_64-gp2",
            "id": "/aws/service/ami-amazon-linux-latest/amzn2-ami-hvm-x86_64-gp2",
            "name": "/aws/service/ami-amazon-linux-latest/amzn2-ami-hvm-x86_64-gp2",
            "type": "String",
            "value": "ami-0947d2ba12ee1ff75",
            "version": 33,
            "with_decryption": true
          }
        }
      ]
    },
    {
      "mode": "data",
      "type": "aws_ssm_parameter",
      "name": "linuxAMI_secondary",
      "provider": "provider[\"registry.terraform.io/hashicorp/aws\"].region-secondary",
      "instances": [
        {
          "schema_version": 0,
          "attributes": {
            "arn": "arn:aws:ssm:us-west-2:947344745710:parameter/aws/service/ami-amazon-linux-latest/amzn2-ami-hvm-x86_64-gp2",
            "id": "/aws/service/ami-amazon-linux-latest/amzn2-ami-hvm-x86_64-gp2",
            "name": "/aws/service/ami-amazon-linux-latest/amzn2-ami-hvm-x86_64-gp2",
            "type": "String",
            "value": "ami-0528a5175983e7f28",
            "version": 34,
            "with_decryption": true
          }
        }
      ]
    },
    {
      "mode": "managed",
      "type": "aws_acm_certificate",
      "name": "jenkins-lb-https",
      "provider": "provider[\"registry.terraform.io/hashicorp/aws\"].region-primary",
      "instances": [
        {
          "schema_version": 0,
          "attributes": {
            "arn": "arn:aws:acm:us-east-1:947344745710:certificate/c6d5fb1a-f4c5-4982-a4a6-6e8dd84e0623",
            "certificate_authority_arn": "",
            "certificate_body": null,
            "certificate_chain": null,
            "domain_name": "jenkins.cmcloudlab874.info",
            "domain_validation_options": [
              {
                "domain_name": "jenkins.cmcloudlab874.info",
                "resource_record_name": "_cfe7d2baadbf3ae7d43f2f921260ff27.jenkins.cmcloudlab874.info.",
                "resource_record_type": "CNAME",
                "resource_record_value": "_1b344cbb91d5abe107a0ef99a6ee0ab0.wggjkglgrm.acm-validations.aws."
              }
            ],
            "id": "arn:aws:acm:us-east-1:947344745710:certificate/c6d5fb1a-f4c5-4982-a4a6-6e8dd84e0623",
            "options": [
              {
                "certificate_transparency_logging_preference": "ENABLED"
              }
            ],
            "private_key": null,
            "status": "PENDING_VALIDATION",
            "subject_alternative_names": [],
            "tags": {
              "Name": "Jenkins-ACM"
            },
            "validation_emails": [],
            "validation_method": "DNS"
          },
          "private": "bnVsbA==",
          "dependencies": [
            "data.aws_route53_zone.dns"
          ]
        }
      ]
    },
    {
      "mode": "managed",
      "type": "aws_acm_certificate_validation",
      "name": "cert",
      "provider": "provider[\"registry.terraform.io/hashicorp/aws\"].region-primary",
      "instances": [
        {
          "index_key": "jenkins.cmcloudlab874.info",
          "schema_version": 0,
          "attributes": {
            "certificate_arn": "arn:aws:acm:us-east-1:947344745710:certificate/c6d5fb1a-f4c5-4982-a4a6-6e8dd84e0623",
            "id": "2020-11-16 14:52:41 +0000 UTC",
            "timeouts": null,
            "validation_record_fqdns": [
              "_cfe7d2baadbf3ae7d43f2f921260ff27.jenkins.cmcloudlab874.info"
            ]
          },
          "private": "eyJlMmJmYjczMC1lY2FhLTExZTYtOGY4OC0zNDM2M2JjN2M0YzAiOnsiY3JlYXRlIjoyNzAwMDAwMDAwMDAwfX0=",
          "dependencies": [
            "aws_acm_certificate.jenkins-lb-https",
            "aws_route53_record.cert_validation",
            "data.aws_route53_zone.dns"
          ]
        }
      ]
    },
    {
      "mode": "managed",
      "type": "aws_instance",
      "name": "jenkins-primary",
      "provider": "provider[\"registry.terraform.io/hashicorp/aws\"].region-primary",
      "instances": [
        {
          "status": "tainted",
          "schema_version": 1,
          "attributes": {
            "ami": "ami-0947d2ba12ee1ff75",
            "arn": "arn:aws:ec2:us-east-1:947344745710:instance/i-0cb891f4c7a9476ba",
            "associate_public_ip_address": true,
            "availability_zone": "us-east-1a",
            "cpu_core_count": 1,
            "cpu_threads_per_core": 2,
            "credit_specification": [
              {
                "cpu_credits": "unlimited"
              }
            ],
            "disable_api_termination": false,
            "ebs_block_device": [],
            "ebs_optimized": false,
            "ephemeral_block_device": [],
            "get_password_data": false,
            "hibernation": false,
            "host_id": null,
            "iam_instance_profile": "",
            "id": "i-0cb891f4c7a9476ba",
            "instance_initiated_shutdown_behavior": null,
            "instance_state": "running",
            "instance_type": "t3.micro",
            "ipv6_address_count": 0,
            "ipv6_addresses": [],
            "key_name": "jenkins",
            "metadata_options": [
              {
                "http_endpoint": "enabled",
                "http_put_response_hop_limit": 1,
                "http_tokens": "optional"
              }
            ],
            "monitoring": false,
            "network_interface": [],
            "outpost_arn": "",
            "password_data": "",
            "placement_group": "",
            "primary_network_interface_id": "eni-014475a137aafe9c8",
            "private_dns": "ip-10-10-1-216.ec2.internal",
            "private_ip": "10.10.1.216",
            "public_dns": "ec2-3-230-145-201.compute-1.amazonaws.com",
            "public_ip": "3.230.145.201",
            "root_block_device": [
              {
                "delete_on_termination": true,
                "device_name": "/dev/xvda",
                "encrypted": false,
                "iops": 100,
                "kms_key_id": "",
                "volume_id": "vol-000a70f650535b98e",
                "volume_size": 8,
                "volume_type": "gp2"
              }
            ],
            "secondary_private_ips": [],
            "security_groups": [],
            "source_dest_check": true,
            "subnet_id": "subnet-0aac55be6df5c2993",
            "tags": {
              "Name": "jenkins_primary_tf"
            },
            "tenancy": "default",
            "timeouts": null,
            "user_data": null,
            "user_data_base64": null,
            "volume_tags": {},
            "vpc_security_group_ids": [
              "sg-0e91d2011bead30c5"
            ]
          },
          "private": "eyJlMmJmYjczMC1lY2FhLTExZTYtOGY4OC0zNDM2M2JjN2M0YzAiOnsiY3JlYXRlIjo2MDAwMDAwMDAwMDAsImRlbGV0ZSI6MTIwMDAwMDAwMDAwMCwidXBkYXRlIjo2MDAwMDAwMDAwMDB9LCJzY2hlbWFfdmVyc2lvbiI6IjEifQ==",
          "dependencies": [
            "aws_internet_gateway.igw_primary",
            "aws_key_pair.primary_key",
            "aws_main_route_table_association.set-primary-default-rt-assoc",
            "aws_route_table.internet_route_primary",
            "aws_security_group.jenkins_sg_primary",
            "aws_security_group.lb_sg",
            "aws_subnet.primary_subnet_1",
            "aws_vpc.vpc_primary",
            "aws_vpc.vpc_secondary",
            "aws_vpc_peering_connection.primary_to_secondary",
            "data.aws_availability_zones.azs",
            "data.aws_ssm_parameter.linuxAMI_primary"
          ]
        }
      ]
    },
    {
      "mode": "managed",
      "type": "aws_instance",
      "name": "jenkins_secondary",
      "provider": "provider[\"registry.terraform.io/hashicorp/aws\"].region-secondary",
      "instances": []
    },
    {
      "mode": "managed",
      "type": "aws_internet_gateway",
      "name": "igw_primary",
      "provider": "provider[\"registry.terraform.io/hashicorp/aws\"].region-primary",
      "instances": [
        {
          "schema_version": 0,
          "attributes": {
            "arn": "arn:aws:ec2:us-east-1:947344745710:internet-gateway/igw-0bc3b99ba4cb0d73f",
            "id": "igw-0bc3b99ba4cb0d73f",
            "owner_id": "947344745710",
            "tags": null,
            "vpc_id": "vpc-0493b3d42cf61d2d6"
          },
          "private": "bnVsbA==",
          "dependencies": [
            "aws_vpc.vpc_primary"
          ]
        }
      ]
    },
    {
      "mode": "managed",
      "type": "aws_internet_gateway",
      "name": "igw_secondary",
      "provider": "provider[\"registry.terraform.io/hashicorp/aws\"].region-secondary",
      "instances": [
        {
          "schema_version": 0,
          "attributes": {
            "arn": "arn:aws:ec2:us-west-2:947344745710:internet-gateway/igw-0c017d1404314c363",
            "id": "igw-0c017d1404314c363",
            "owner_id": "947344745710",
            "tags": null,
            "vpc_id": "vpc-0fb7c336f714ebfeb"
          },
          "private": "bnVsbA==",
          "dependencies": [
            "aws_vpc.vpc_secondary"
          ]
        }
      ]
    },
    {
      "mode": "managed",
      "type": "aws_key_pair",
      "name": "primary_key",
      "provider": "provider[\"registry.terraform.io/hashicorp/aws\"].region-primary",
      "instances": [
        {
          "schema_version": 1,
          "attributes": {
            "arn": "arn:aws:ec2:us-east-1:947344745710:key-pair/jenkins",
            "fingerprint": "58:b9:30:0a:a5:28:4c:d7:6a:17:1b:31:92:07:c8:01",
            "id": "jenkins",
            "key_name": "jenkins",
            "key_name_prefix": null,
            "key_pair_id": "key-060c70136b1479055",
            "public_key": "ssh-rsa AAAAB3NzaC1yc2EAAAADAQABAAABgQDXTPkyWvSLzkaoPO1EOlwC2mGVOEZU/GZ9s2lXq9Qmfhcwp1eUHGM0gz4khPExU7J2tUImkwh7bSwag5Vr3SxuRJt+MQQakIM3qfH7DaDnCF6T25ZTQMEeIU5jQAcNivP2JABYIcadnQe1Xef+V7ZM9F+Dlc3yxD0tk9YY6ruBHIeNtosFgg3xKLrC1HPVUED2WAOR2hT0fwfTfBNoXCcKOHFIRlp1f2WKMvRnA366jQRR7b9miXoI5kdgIds74svlOMLOpSA3HwPLPOGaLvAezBY0QEoBGAHtSCDEabD3gxMShmUQqO20fslOUva25gYaz6CekDl/7sAXiepxgF4XGp8znYZJZEgzL+3NF0Kqt/91Gx973xMOJC1A1hxaBA9AL84XxgVZheEytqoh0UmW/km/9eT+8S4/QFlODMjfhPy5SU8v9IivElfmFwvTR3H7ebOMSZHd333tssM2wDNbbosWlCUlaIJlO4+Gg5ji6NV1t9YkoipfYRhD8vvoSvk= sakuffo@Stephen-MainPC",
            "tags": null
          },
          "private": "eyJzY2hlbWFfdmVyc2lvbiI6IjEifQ=="
        }
      ]
    },
    {
      "mode": "managed",
      "type": "aws_key_pair",
      "name": "secondary_key",
      "provider": "provider[\"registry.terraform.io/hashicorp/aws\"].region-secondary",
      "instances": [
        {
          "schema_version": 1,
          "attributes": {
            "arn": "arn:aws:ec2:us-west-2:947344745710:key-pair/jenkins",
            "fingerprint": "58:b9:30:0a:a5:28:4c:d7:6a:17:1b:31:92:07:c8:01",
            "id": "jenkins",
            "key_name": "jenkins",
            "key_name_prefix": null,
            "key_pair_id": "key-05552592bd74f8509",
            "public_key": "ssh-rsa AAAAB3NzaC1yc2EAAAADAQABAAABgQDXTPkyWvSLzkaoPO1EOlwC2mGVOEZU/GZ9s2lXq9Qmfhcwp1eUHGM0gz4khPExU7J2tUImkwh7bSwag5Vr3SxuRJt+MQQakIM3qfH7DaDnCF6T25ZTQMEeIU5jQAcNivP2JABYIcadnQe1Xef+V7ZM9F+Dlc3yxD0tk9YY6ruBHIeNtosFgg3xKLrC1HPVUED2WAOR2hT0fwfTfBNoXCcKOHFIRlp1f2WKMvRnA366jQRR7b9miXoI5kdgIds74svlOMLOpSA3HwPLPOGaLvAezBY0QEoBGAHtSCDEabD3gxMShmUQqO20fslOUva25gYaz6CekDl/7sAXiepxgF4XGp8znYZJZEgzL+3NF0Kqt/91Gx973xMOJC1A1hxaBA9AL84XxgVZheEytqoh0UmW/km/9eT+8S4/QFlODMjfhPy5SU8v9IivElfmFwvTR3H7ebOMSZHd333tssM2wDNbbosWlCUlaIJlO4+Gg5ji6NV1t9YkoipfYRhD8vvoSvk= sakuffo@Stephen-MainPC",
            "tags": null
          },
          "private": "eyJzY2hlbWFfdmVyc2lvbiI6IjEifQ=="
        }
      ]
    },
    {
      "mode": "managed",
      "type": "aws_lb",
      "name": "application-lb",
      "provider": "provider[\"registry.terraform.io/hashicorp/aws\"].region-primary",
      "instances": [
        {
          "schema_version": 0,
          "attributes": {
            "access_logs": [
              {
                "bucket": "",
                "enabled": false,
                "prefix": ""
              }
            ],
            "arn": "arn:aws:elasticloadbalancing:us-east-1:947344745710:loadbalancer/app/jenkins-lb/d83e41c677446d92",
            "arn_suffix": "app/jenkins-lb/d83e41c677446d92",
            "customer_owned_ipv4_pool": "",
            "dns_name": "jenkins-lb-466041948.us-east-1.elb.amazonaws.com",
            "drop_invalid_header_fields": false,
            "enable_cross_zone_load_balancing": null,
            "enable_deletion_protection": false,
            "enable_http2": true,
            "id": "arn:aws:elasticloadbalancing:us-east-1:947344745710:loadbalancer/app/jenkins-lb/d83e41c677446d92",
            "idle_timeout": 60,
            "internal": false,
            "ip_address_type": "ipv4",
            "load_balancer_type": "application",
            "name": "jenkins-lb",
            "name_prefix": null,
            "security_groups": [
              "sg-0c0f72cb1e64d74b5"
            ],
            "subnet_mapping": [
              {
                "allocation_id": "",
                "outpost_id": "",
                "private_ipv4_address": "",
                "subnet_id": "subnet-0772b9bbba1095ed8"
              },
              {
                "allocation_id": "",
                "outpost_id": "",
                "private_ipv4_address": "",
                "subnet_id": "subnet-0aac55be6df5c2993"
              }
            ],
            "subnets": [
              "subnet-0772b9bbba1095ed8",
              "subnet-0aac55be6df5c2993"
            ],
            "tags": {
              "Name": "Jenkins-LB"
            },
            "timeouts": null,
            "vpc_id": "vpc-0493b3d42cf61d2d6",
            "zone_id": "Z35SXDOTRQ7X7K"
          },
          "private": "eyJlMmJmYjczMC1lY2FhLTExZTYtOGY4OC0zNDM2M2JjN2M0YzAiOnsiY3JlYXRlIjo2MDAwMDAwMDAwMDAsImRlbGV0ZSI6NjAwMDAwMDAwMDAwLCJ1cGRhdGUiOjYwMDAwMDAwMDAwMH19",
          "dependencies": [
            "aws_security_group.lb_sg",
            "aws_subnet.primary_subnet_1",
            "aws_subnet.primary_subnet_2",
            "aws_vpc.vpc_primary",
            "data.aws_availability_zones.azs"
          ]
        }
      ]
    },
    {
      "mode": "managed",
      "type": "aws_lb_listener",
      "name": "jenkins-listener",
      "provider": "provider[\"registry.terraform.io/hashicorp/aws\"].region-primary",
      "instances": [
        {
          "schema_version": 0,
          "attributes": {
            "arn": "arn:aws:elasticloadbalancing:us-east-1:947344745710:listener/app/jenkins-lb/d83e41c677446d92/40e66e503a1e7bd7",
            "certificate_arn": "arn:aws:acm:us-east-1:947344745710:certificate/c6d5fb1a-f4c5-4982-a4a6-6e8dd84e0623",
            "default_action": [
              {
                "authenticate_cognito": [],
                "authenticate_oidc": [],
                "fixed_response": [],
                "forward": [],
                "order": 1,
                "redirect": [],
                "target_group_arn": "arn:aws:elasticloadbalancing:us-east-1:947344745710:targetgroup/app-lb-tg/ed78941d93e02acc",
                "type": "forward"
              }
            ],
            "id": "arn:aws:elasticloadbalancing:us-east-1:947344745710:listener/app/jenkins-lb/d83e41c677446d92/40e66e503a1e7bd7",
            "load_balancer_arn": "arn:aws:elasticloadbalancing:us-east-1:947344745710:loadbalancer/app/jenkins-lb/d83e41c677446d92",
            "port": 443,
            "protocol": "HTTPS",
            "ssl_policy": "ELBSecurityPolicy-2016-08",
            "timeouts": null
          },
          "private": "eyJlMmJmYjczMC1lY2FhLTExZTYtOGY4OC0zNDM2M2JjN2M0YzAiOnsicmVhZCI6NjAwMDAwMDAwMDAwfX0=",
          "dependencies": [
            "aws_acm_certificate.jenkins-lb-https",
            "aws_lb.application-lb",
            "aws_lb_target_group.app-lb-tg",
            "aws_security_group.lb_sg",
            "aws_subnet.primary_subnet_1",
            "aws_subnet.primary_subnet_2",
            "aws_vpc.vpc_primary",
            "data.aws_availability_zones.azs",
            "data.aws_route53_zone.dns"
          ]
        }
      ]
    },
    {
      "mode": "managed",
      "type": "aws_lb_listener",
      "name": "jenkins-listener-http",
      "provider": "provider[\"registry.terraform.io/hashicorp/aws\"].region-primary",
      "instances": [
        {
          "schema_version": 0,
          "attributes": {
            "arn": "arn:aws:elasticloadbalancing:us-east-1:947344745710:listener/app/jenkins-lb/d83e41c677446d92/983fb4a4cb7397ea",
            "certificate_arn": null,
            "default_action": [
              {
                "authenticate_cognito": [],
                "authenticate_oidc": [],
                "fixed_response": [],
                "forward": [],
                "order": 1,
                "redirect": [
                  {
                    "host": "#{host}",
                    "path": "/#{path}",
                    "port": "443",
                    "protocol": "HTTPS",
                    "query": "#{query}",
                    "status_code": "HTTP_301"
                  }
                ],
                "target_group_arn": "",
                "type": "redirect"
              }
            ],
            "id": "arn:aws:elasticloadbalancing:us-east-1:947344745710:listener/app/jenkins-lb/d83e41c677446d92/983fb4a4cb7397ea",
            "load_balancer_arn": "arn:aws:elasticloadbalancing:us-east-1:947344745710:loadbalancer/app/jenkins-lb/d83e41c677446d92",
            "port": 80,
            "protocol": "HTTP",
            "ssl_policy": "",
            "timeouts": null
          },
          "private": "eyJlMmJmYjczMC1lY2FhLTExZTYtOGY4OC0zNDM2M2JjN2M0YzAiOnsicmVhZCI6NjAwMDAwMDAwMDAwfX0=",
          "dependencies": [
            "aws_lb.application-lb",
            "aws_security_group.lb_sg",
            "aws_subnet.primary_subnet_1",
            "aws_subnet.primary_subnet_2",
            "aws_vpc.vpc_primary",
            "data.aws_availability_zones.azs"
          ]
        }
      ]
    },
    {
      "mode": "managed",
      "type": "aws_lb_target_group",
      "name": "app-lb-tg",
      "provider": "provider[\"registry.terraform.io/hashicorp/aws\"].region-primary",
      "instances": [
        {
          "schema_version": 0,
          "attributes": {
            "arn": "arn:aws:elasticloadbalancing:us-east-1:947344745710:targetgroup/app-lb-tg/ed78941d93e02acc",
            "arn_suffix": "targetgroup/app-lb-tg/ed78941d93e02acc",
            "deregistration_delay": 300,
            "health_check": [
              {
                "enabled": true,
                "healthy_threshold": 3,
                "interval": 10,
                "matcher": "200-299",
                "path": "/login",
                "port": "80",
                "protocol": "HTTP",
                "timeout": 5,
                "unhealthy_threshold": 3
              }
            ],
            "id": "arn:aws:elasticloadbalancing:us-east-1:947344745710:targetgroup/app-lb-tg/ed78941d93e02acc",
            "lambda_multi_value_headers_enabled": false,
            "load_balancing_algorithm_type": "round_robin",
            "name": "app-lb-tg",
            "name_prefix": null,
            "port": 80,
            "protocol": "HTTP",
            "proxy_protocol_v2": false,
            "slow_start": 0,
            "stickiness": [
              {
                "cookie_duration": 86400,
                "enabled": false,
                "type": "lb_cookie"
              }
            ],
            "tags": {
              "Name": "jenkins-target-group"
            },
            "target_type": "instance",
            "vpc_id": "vpc-0493b3d42cf61d2d6"
          },
          "private": "bnVsbA==",
          "dependencies": [
            "aws_vpc.vpc_primary"
          ]
        }
      ]
    },
    {
      "mode": "managed",
      "type": "aws_lb_target_group_attachment",
      "name": "jenkins_primary_attach",
      "provider": "provider[\"registry.terraform.io/hashicorp/aws\"].region-primary",
      "instances": []
    },
    {
      "mode": "managed",
      "type": "aws_main_route_table_association",
      "name": "set-primary-default-rt-assoc",
      "provider": "provider[\"registry.terraform.io/hashicorp/aws\"].region-primary",
      "instances": [
        {
          "schema_version": 0,
          "attributes": {
            "id": "rtbassoc-0590b2b00efc70e31",
            "original_route_table_id": "rtb-05b4df773ee92c8a6",
            "route_table_id": "rtb-0bb6400a7a8a6f98d",
            "vpc_id": "vpc-0493b3d42cf61d2d6"
          },
          "private": "bnVsbA==",
          "dependencies": [
            "aws_internet_gateway.igw_primary",
            "aws_route_table.internet_route_primary",
            "aws_vpc.vpc_primary",
            "aws_vpc.vpc_secondary",
            "aws_vpc_peering_connection.primary_to_secondary"
          ]
        }
      ]
    },
    {
      "mode": "managed",
      "type": "aws_main_route_table_association",
      "name": "set-secondary-default-rt-assoc",
      "provider": "provider[\"registry.terraform.io/hashicorp/aws\"].region-secondary",
      "instances": [
        {
          "schema_version": 0,
          "attributes": {
            "id": "rtbassoc-058a6fc1ffd3f06db",
            "original_route_table_id": "rtb-0d45dcf29cb777727",
            "route_table_id": "rtb-09c31200a0ab6f330",
            "vpc_id": "vpc-0fb7c336f714ebfeb"
          },
          "private": "bnVsbA==",
          "dependencies": [
            "aws_internet_gateway.igw_secondary",
            "aws_route_table.internet_route_secondary",
            "aws_vpc.vpc_primary",
            "aws_vpc.vpc_secondary",
            "aws_vpc_peering_connection.primary_to_secondary"
          ]
        }
      ]
    },
    {
      "mode": "managed",
      "type": "aws_route53_record",
      "name": "cert_validation",
      "provider": "provider[\"registry.terraform.io/hashicorp/aws\"].region-primary",
      "instances": [
        {
          "index_key": "jenkins.cmcloudlab874.info",
          "schema_version": 2,
          "attributes": {
            "alias": [],
            "allow_overwrite": null,
            "failover_routing_policy": [],
            "fqdn": "_cfe7d2baadbf3ae7d43f2f921260ff27.jenkins.cmcloudlab874.info",
            "geolocation_routing_policy": [],
            "health_check_id": null,
            "id": "Z07228782I3AR28SGD5OF__cfe7d2baadbf3ae7d43f2f921260ff27.jenkins.cmcloudlab874.info._CNAME",
            "latency_routing_policy": [],
            "multivalue_answer_routing_policy": null,
            "name": "_cfe7d2baadbf3ae7d43f2f921260ff27.jenkins.cmcloudlab874.info",
            "records": [
              "_1b344cbb91d5abe107a0ef99a6ee0ab0.wggjkglgrm.acm-validations.aws."
            ],
            "set_identifier": null,
            "ttl": 60,
            "type": "CNAME",
            "weighted_routing_policy": [],
            "zone_id": "Z07228782I3AR28SGD5OF"
          },
          "private": "eyJzY2hlbWFfdmVyc2lvbiI6IjIifQ==",
          "dependencies": [
            "aws_acm_certificate.jenkins-lb-https",
            "data.aws_route53_zone.dns"
          ]
        }
      ]
    },
    {
      "mode": "managed",
      "type": "aws_route53_record",
      "name": "jenkins",
      "provider": "provider[\"registry.terraform.io/hashicorp/aws\"].region-primary",
      "instances": [
        {
          "schema_version": 2,
          "attributes": {
            "alias": [
              {
                "evaluate_target_health": true,
                "name": "jenkins-lb-466041948.us-east-1.elb.amazonaws.com",
                "zone_id": "Z35SXDOTRQ7X7K"
              }
            ],
            "allow_overwrite": null,
            "failover_routing_policy": [],
            "fqdn": "jenkins.cmcloudlab874.info",
            "geolocation_routing_policy": [],
            "health_check_id": null,
            "id": "Z07228782I3AR28SGD5OF_jenkins.cmcloudlab874.info_A",
            "latency_routing_policy": [],
            "multivalue_answer_routing_policy": null,
            "name": "jenkins.cmcloudlab874.info",
            "records": null,
            "set_identifier": null,
            "ttl": null,
            "type": "A",
            "weighted_routing_policy": [],
            "zone_id": "Z07228782I3AR28SGD5OF"
          },
          "private": "eyJzY2hlbWFfdmVyc2lvbiI6IjIifQ==",
          "dependencies": [
            "aws_lb.application-lb",
            "aws_security_group.lb_sg",
            "aws_subnet.primary_subnet_1",
            "aws_subnet.primary_subnet_2",
            "aws_vpc.vpc_primary",
            "data.aws_availability_zones.azs",
            "data.aws_route53_zone.dns"
          ]
        }
      ]
    },
    {
      "mode": "managed",
      "type": "aws_route_table",
      "name": "internet_route_primary",
      "provider": "provider[\"registry.terraform.io/hashicorp/aws\"].region-primary",
      "instances": [
        {
          "schema_version": 0,
          "attributes": {
            "id": "rtb-0bb6400a7a8a6f98d",
            "owner_id": "947344745710",
            "propagating_vgws": [],
            "route": [
              {
                "cidr_block": "0.0.0.0/0",
                "egress_only_gateway_id": "",
                "gateway_id": "igw-0bc3b99ba4cb0d73f",
                "instance_id": "",
                "ipv6_cidr_block": "",
                "local_gateway_id": "",
                "nat_gateway_id": "",
                "network_interface_id": "",
                "transit_gateway_id": "",
                "vpc_endpoint_id": "",
                "vpc_peering_connection_id": ""
              },
              {
                "cidr_block": "192.10.1.0/24",
                "egress_only_gateway_id": "",
                "gateway_id": "",
                "instance_id": "",
                "ipv6_cidr_block": "",
                "local_gateway_id": "",
                "nat_gateway_id": "",
                "network_interface_id": "",
                "transit_gateway_id": "",
                "vpc_endpoint_id": "",
                "vpc_peering_connection_id": "pcx-064822c3ed0e74245"
              }
            ],
            "tags": {
              "Name": "Primary-Region-RT"
            },
            "vpc_id": "vpc-0493b3d42cf61d2d6"
          },
          "private": "bnVsbA==",
          "dependencies": [
            "aws_internet_gateway.igw_primary",
            "aws_vpc.vpc_primary",
            "aws_vpc.vpc_secondary",
            "aws_vpc_peering_connection.primary_to_secondary"
          ]
        }
      ]
    },
    {
      "mode": "managed",
      "type": "aws_route_table",
      "name": "internet_route_secondary",
      "provider": "provider[\"registry.terraform.io/hashicorp/aws\"].region-secondary",
      "instances": [
        {
          "schema_version": 0,
          "attributes": {
            "id": "rtb-09c31200a0ab6f330",
            "owner_id": "947344745710",
            "propagating_vgws": [],
            "route": [
              {
                "cidr_block": "0.0.0.0/0",
                "egress_only_gateway_id": "",
                "gateway_id": "igw-0c017d1404314c363",
                "instance_id": "",
                "ipv6_cidr_block": "",
                "local_gateway_id": "",
                "nat_gateway_id": "",
                "network_interface_id": "",
                "transit_gateway_id": "",
                "vpc_endpoint_id": "",
                "vpc_peering_connection_id": ""
              },
              {
                "cidr_block": "10.10.1.0/24",
                "egress_only_gateway_id": "",
                "gateway_id": "",
                "instance_id": "",
                "ipv6_cidr_block": "",
                "local_gateway_id": "",
                "nat_gateway_id": "",
                "network_interface_id": "",
                "transit_gateway_id": "",
                "vpc_endpoint_id": "",
                "vpc_peering_connection_id": "pcx-064822c3ed0e74245"
              }
            ],
            "tags": {
              "Name": "Secondary-Region-RT"
            },
            "vpc_id": "vpc-0fb7c336f714ebfeb"
          },
          "private": "bnVsbA==",
          "dependencies": [
            "aws_internet_gateway.igw_secondary",
            "aws_vpc.vpc_primary",
            "aws_vpc.vpc_secondary",
            "aws_vpc_peering_connection.primary_to_secondary"
          ]
        }
      ]
    },
    {
      "mode": "managed",
      "type": "aws_security_group",
      "name": "jenkins_sg_primary",
      "provider": "provider[\"registry.terraform.io/hashicorp/aws\"].region-primary",
      "instances": [
        {
          "schema_version": 1,
          "attributes": {
            "arn": "arn:aws:ec2:us-east-1:947344745710:security-group/sg-0e91d2011bead30c5",
            "description": "Allow TCP/8080 \u0026 TCP/22",
            "egress": [
              {
                "cidr_blocks": [
                  "0.0.0.0/0"
                ],
                "description": "",
                "from_port": 0,
                "ipv6_cidr_blocks": [],
                "prefix_list_ids": [],
                "protocol": "-1",
                "security_groups": [],
                "self": false,
                "to_port": 0
              }
            ],
            "id": "sg-0e91d2011bead30c5",
            "ingress": [
              {
                "cidr_blocks": [
                  "0.0.0.0/0"
                ],
                "description": "Allow 22 from our public IP(s)",
                "from_port": 22,
                "ipv6_cidr_blocks": [],
                "prefix_list_ids": [],
                "protocol": "tcp",
                "security_groups": [],
                "self": false,
                "to_port": 22
              },
              {
                "cidr_blocks": [
                  "192.10.1.0/24"
                ],
                "description": "allow traffic from secondary",
                "from_port": 0,
                "ipv6_cidr_blocks": [],
                "prefix_list_ids": [],
                "protocol": "-1",
                "security_groups": [],
                "self": false,
                "to_port": 0
              },
              {
                "cidr_blocks": [],
                "description": "Allow anyone on port 8080",
                "from_port": 80,
                "ipv6_cidr_blocks": [],
                "prefix_list_ids": [],
                "protocol": "tcp",
                "security_groups": [
                  "sg-0c0f72cb1e64d74b5"
                ],
                "self": false,
                "to_port": 80
              }
            ],
            "name": "jenkins-sg-primary",
            "name_prefix": "",
            "owner_id": "947344745710",
            "revoke_rules_on_delete": false,
            "tags": null,
            "timeouts": null,
            "vpc_id": "vpc-0493b3d42cf61d2d6"
          },
          "private": "eyJlMmJmYjczMC1lY2FhLTExZTYtOGY4OC0zNDM2M2JjN2M0YzAiOnsiY3JlYXRlIjo2MDAwMDAwMDAwMDAsImRlbGV0ZSI6NjAwMDAwMDAwMDAwfSwic2NoZW1hX3ZlcnNpb24iOiIxIn0=",
          "dependencies": [
            "aws_security_group.lb_sg",
            "aws_vpc.vpc_primary"
          ]
        }
      ]
    },
    {
      "mode": "managed",
      "type": "aws_security_group",
      "name": "jenkins_sg_secondary",
      "provider": "provider[\"registry.terraform.io/hashicorp/aws\"].region-secondary",
      "instances": [
        {
          "schema_version": 1,
          "attributes": {
            "arn": "arn:aws:ec2:us-west-2:947344745710:security-group/sg-0d0530b75bc79b7f2",
            "description": "Allow TCP/8080 \u0026 TCP/22",
            "egress": [
              {
                "cidr_blocks": [
                  "0.0.0.0/0"
                ],
                "description": "",
                "from_port": 0,
                "ipv6_cidr_blocks": [],
                "prefix_list_ids": [],
                "protocol": "-1",
                "security_groups": [],
                "self": false,
                "to_port": 0
              }
            ],
            "id": "sg-0d0530b75bc79b7f2",
            "ingress": [
              {
                "cidr_blocks": [
                  "0.0.0.0/0"
                ],
                "description": "Allow 22 from our public ip",
                "from_port": 22,
                "ipv6_cidr_blocks": [],
                "prefix_list_ids": [],
                "protocol": "tcp",
                "security_groups": [],
                "self": false,
                "to_port": 22
              },
              {
                "cidr_blocks": [
                  "10.10.1.0/24"
                ],
                "description": "Allow traffic from primary",
                "from_port": 0,
                "ipv6_cidr_blocks": [],
                "prefix_list_ids": [],
                "protocol": "-1",
                "security_groups": [],
                "self": false,
                "to_port": 0
              }
            ],
            "name": "jenkins-sg-secondary",
            "name_prefix": "",
            "owner_id": "947344745710",
            "revoke_rules_on_delete": false,
            "tags": null,
            "timeouts": null,
            "vpc_id": "vpc-0fb7c336f714ebfeb"
          },
          "private": "eyJlMmJmYjczMC1lY2FhLTExZTYtOGY4OC0zNDM2M2JjN2M0YzAiOnsiY3JlYXRlIjo2MDAwMDAwMDAwMDAsImRlbGV0ZSI6NjAwMDAwMDAwMDAwfSwic2NoZW1hX3ZlcnNpb24iOiIxIn0=",
          "dependencies": [
            "aws_vpc.vpc_secondary"
          ]
        }
      ]
    },
    {
      "mode": "managed",
      "type": "aws_security_group",
      "name": "lb_sg",
      "provider": "provider[\"registry.terraform.io/hashicorp/aws\"].region-primary",
      "instances": [
        {
          "schema_version": 1,
          "attributes": {
            "arn": "arn:aws:ec2:us-east-1:947344745710:security-group/sg-0c0f72cb1e64d74b5",
            "description": "Allow 443 and traffic to Jenkins SG",
            "egress": [
              {
                "cidr_blocks": [
                  "0.0.0.0/0"
                ],
                "description": "",
                "from_port": 0,
                "ipv6_cidr_blocks": [],
                "prefix_list_ids": [],
                "protocol": "-1",
                "security_groups": [],
                "self": false,
                "to_port": 0
              }
            ],
            "id": "sg-0c0f72cb1e64d74b5",
            "ingress": [
              {
                "cidr_blocks": [
                  "0.0.0.0/0"
                ],
                "description": "Allow 443 from anywhere",
                "from_port": 443,
                "ipv6_cidr_blocks": [],
                "prefix_list_ids": [],
                "protocol": "tcp",
                "security_groups": [],
                "self": false,
                "to_port": 443
              },
              {
                "cidr_blocks": [
                  "0.0.0.0/0"
                ],
                "description": "Allow 80 from anywhere for redirection",
                "from_port": 80,
                "ipv6_cidr_blocks": [],
                "prefix_list_ids": [],
                "protocol": "tcp",
                "security_groups": [],
                "self": false,
                "to_port": 80
              }
            ],
            "name": "lb-sg",
            "name_prefix": "",
            "owner_id": "947344745710",
            "revoke_rules_on_delete": false,
            "tags": null,
            "timeouts": null,
            "vpc_id": "vpc-0493b3d42cf61d2d6"
          },
          "private": "eyJlMmJmYjczMC1lY2FhLTExZTYtOGY4OC0zNDM2M2JjN2M0YzAiOnsiY3JlYXRlIjo2MDAwMDAwMDAwMDAsImRlbGV0ZSI6NjAwMDAwMDAwMDAwfSwic2NoZW1hX3ZlcnNpb24iOiIxIn0=",
          "dependencies": [
            "aws_vpc.vpc_primary"
          ]
        }
      ]
    },
    {
      "mode": "managed",
      "type": "aws_subnet",
      "name": "primary_subnet_1",
      "provider": "provider[\"registry.terraform.io/hashicorp/aws\"].region-primary",
      "instances": [
        {
          "schema_version": 1,
          "attributes": {
            "arn": "arn:aws:ec2:us-east-1:947344745710:subnet/subnet-0aac55be6df5c2993",
            "assign_ipv6_address_on_creation": false,
            "availability_zone": "us-east-1a",
            "availability_zone_id": "use1-az1",
            "cidr_block": "10.10.1.0/24",
            "id": "subnet-0aac55be6df5c2993",
            "ipv6_cidr_block": "",
            "ipv6_cidr_block_association_id": "",
            "map_public_ip_on_launch": false,
            "outpost_arn": "",
            "owner_id": "947344745710",
            "tags": null,
            "timeouts": null,
            "vpc_id": "vpc-0493b3d42cf61d2d6"
          },
          "private": "eyJlMmJmYjczMC1lY2FhLTExZTYtOGY4OC0zNDM2M2JjN2M0YzAiOnsiY3JlYXRlIjo2MDAwMDAwMDAwMDAsImRlbGV0ZSI6MTIwMDAwMDAwMDAwMH0sInNjaGVtYV92ZXJzaW9uIjoiMSJ9",
          "dependencies": [
            "aws_vpc.vpc_primary",
            "data.aws_availability_zones.azs"
          ]
        }
      ]
    },
    {
      "mode": "managed",
      "type": "aws_subnet",
      "name": "primary_subnet_2",
      "provider": "provider[\"registry.terraform.io/hashicorp/aws\"].region-primary",
      "instances": [
        {
          "schema_version": 1,
          "attributes": {
            "arn": "arn:aws:ec2:us-east-1:947344745710:subnet/subnet-0772b9bbba1095ed8",
            "assign_ipv6_address_on_creation": false,
            "availability_zone": "us-east-1b",
            "availability_zone_id": "use1-az2",
            "cidr_block": "10.10.2.0/24",
            "id": "subnet-0772b9bbba1095ed8",
            "ipv6_cidr_block": "",
            "ipv6_cidr_block_association_id": "",
            "map_public_ip_on_launch": false,
            "outpost_arn": "",
            "owner_id": "947344745710",
            "tags": null,
            "timeouts": null,
            "vpc_id": "vpc-0493b3d42cf61d2d6"
          },
          "private": "eyJlMmJmYjczMC1lY2FhLTExZTYtOGY4OC0zNDM2M2JjN2M0YzAiOnsiY3JlYXRlIjo2MDAwMDAwMDAwMDAsImRlbGV0ZSI6MTIwMDAwMDAwMDAwMH0sInNjaGVtYV92ZXJzaW9uIjoiMSJ9",
          "dependencies": [
            "aws_vpc.vpc_primary",
            "data.aws_availability_zones.azs"
          ]
        }
      ]
    },
    {
      "mode": "managed",
      "type": "aws_subnet",
      "name": "secondary_subnet_1",
      "provider": "provider[\"registry.terraform.io/hashicorp/aws\"].region-secondary",
      "instances": [
        {
          "schema_version": 1,
          "attributes": {
            "arn": "arn:aws:ec2:us-west-2:947344745710:subnet/subnet-00cdfdd8c2a0c63da",
            "assign_ipv6_address_on_creation": false,
            "availability_zone": "us-west-2a",
            "availability_zone_id": "usw2-az2",
            "cidr_block": "192.10.1.0/24",
            "id": "subnet-00cdfdd8c2a0c63da",
            "ipv6_cidr_block": "",
            "ipv6_cidr_block_association_id": "",
            "map_public_ip_on_launch": false,
            "outpost_arn": "",
            "owner_id": "947344745710",
            "tags": null,
            "timeouts": null,
            "vpc_id": "vpc-0fb7c336f714ebfeb"
          },
          "private": "eyJlMmJmYjczMC1lY2FhLTExZTYtOGY4OC0zNDM2M2JjN2M0YzAiOnsiY3JlYXRlIjo2MDAwMDAwMDAwMDAsImRlbGV0ZSI6MTIwMDAwMDAwMDAwMH0sInNjaGVtYV92ZXJzaW9uIjoiMSJ9",
          "dependencies": [
            "aws_vpc.vpc_secondary"
          ]
        }
      ]
    },
    {
      "mode": "managed",
      "type": "aws_vpc",
      "name": "vpc_primary",
      "provider": "provider[\"registry.terraform.io/hashicorp/aws\"].region-primary",
      "instances": [
        {
          "schema_version": 1,
          "attributes": {
            "arn": "arn:aws:ec2:us-east-1:947344745710:vpc/vpc-0493b3d42cf61d2d6",
            "assign_generated_ipv6_cidr_block": false,
            "cidr_block": "10.10.0.0/16",
            "default_network_acl_id": "acl-0d65de921af337d99",
            "default_route_table_id": "rtb-05b4df773ee92c8a6",
            "default_security_group_id": "sg-07af270fa2dfba897",
            "dhcp_options_id": "dopt-0f6f2de662368274c",
            "enable_classiclink": false,
            "enable_classiclink_dns_support": false,
            "enable_dns_hostnames": true,
            "enable_dns_support": true,
            "id": "vpc-0493b3d42cf61d2d6",
            "instance_tenancy": "default",
            "ipv6_association_id": "",
            "ipv6_cidr_block": "",
            "main_route_table_id": "rtb-05b4df773ee92c8a6",
            "owner_id": "947344745710",
            "tags": {
              "Name": "primary-vpc-jenkins"
            }
          },
          "private": "eyJzY2hlbWFfdmVyc2lvbiI6IjEifQ=="
        }
      ]
    },
    {
      "mode": "managed",
      "type": "aws_vpc",
      "name": "vpc_secondary",
      "provider": "provider[\"registry.terraform.io/hashicorp/aws\"].region-secondary",
      "instances": [
        {
          "schema_version": 1,
          "attributes": {
            "arn": "arn:aws:ec2:us-west-2:947344745710:vpc/vpc-0fb7c336f714ebfeb",
            "assign_generated_ipv6_cidr_block": false,
            "cidr_block": "192.10.0.0/16",
            "default_network_acl_id": "acl-0e218c305c018a619",
            "default_route_table_id": "rtb-0d45dcf29cb777727",
            "default_security_group_id": "sg-0625f907ebdf14518",
            "dhcp_options_id": "dopt-0a36742e08cedbd95",
            "enable_classiclink": false,
            "enable_classiclink_dns_support": false,
            "enable_dns_hostnames": true,
            "enable_dns_support": true,
            "id": "vpc-0fb7c336f714ebfeb",
            "instance_tenancy": "default",
            "ipv6_association_id": "",
            "ipv6_cidr_block": "",
            "main_route_table_id": "rtb-0d45dcf29cb777727",
            "owner_id": "947344745710",
            "tags": {
              "Name": "secondary-vpc-jenkins"
            }
          },
          "private": "eyJzY2hlbWFfdmVyc2lvbiI6IjEifQ=="
        }
      ]
    },
    {
      "mode": "managed",
      "type": "aws_vpc_peering_connection",
      "name": "primary_to_secondary",
      "provider": "provider[\"registry.terraform.io/hashicorp/aws\"].region-primary",
      "instances": [
        {
          "schema_version": 0,
          "attributes": {
            "accept_status": "pending-acceptance",
            "accepter": [],
            "auto_accept": null,
            "id": "pcx-064822c3ed0e74245",
            "peer_owner_id": "947344745710",
            "peer_region": "us-west-2",
            "peer_vpc_id": "vpc-0fb7c336f714ebfeb",
            "requester": [
              {
                "allow_classic_link_to_remote_vpc": false,
                "allow_remote_vpc_dns_resolution": false,
                "allow_vpc_to_remote_classic_link": false
              }
            ],
            "tags": null,
            "timeouts": null,
            "vpc_id": "vpc-0493b3d42cf61d2d6"
          },
          "private": "eyJlMmJmYjczMC1lY2FhLTExZTYtOGY4OC0zNDM2M2JjN2M0YzAiOnsiY3JlYXRlIjo2MDAwMDAwMDAwMCwiZGVsZXRlIjo2MDAwMDAwMDAwMCwidXBkYXRlIjo2MDAwMDAwMDAwMH19",
          "dependencies": [
            "aws_vpc.vpc_primary",
            "aws_vpc.vpc_secondary"
          ]
        }
      ]
    },
    {
      "mode": "managed",
      "type": "aws_vpc_peering_connection_accepter",
      "name": "secondary_accept_peering",
      "provider": "provider[\"registry.terraform.io/hashicorp/aws\"].region-secondary",
      "instances": [
        {
          "schema_version": 0,
          "attributes": {
            "accept_status": "active",
            "accepter": [
              {
                "allow_classic_link_to_remote_vpc": false,
                "allow_remote_vpc_dns_resolution": false,
                "allow_vpc_to_remote_classic_link": false
              }
            ],
            "auto_accept": true,
            "id": "pcx-064822c3ed0e74245",
            "peer_owner_id": "947344745710",
            "peer_region": "us-west-2",
            "peer_vpc_id": "vpc-0fb7c336f714ebfeb",
            "requester": [
              {
                "allow_classic_link_to_remote_vpc": false,
                "allow_remote_vpc_dns_resolution": false,
                "allow_vpc_to_remote_classic_link": false
              }
            ],
            "tags": null,
            "vpc_id": "vpc-0493b3d42cf61d2d6",
            "vpc_peering_connection_id": "pcx-064822c3ed0e74245"
          },
          "private": "bnVsbA==",
          "dependencies": [
            "aws_vpc.vpc_primary",
            "aws_vpc.vpc_secondary",
            "aws_vpc_peering_connection.primary_to_secondary"
          ]
        }
      ]
    }
  ]
}
